# This file is automatically generated by fishy.
# It is not intended for manual editing.

version = 1

# Rainbow gif

[[commits]] 
entry_hash = "00203ac2b534aca45ea4239226349e89fc8be6ccd307814f4ee4f2fec846f177cf00" 
entry = "0097028cac423dfcf179b547757c8c289661f195975bf4682163f6c6c077d843d70001f940530020ad641b340f667538400a9bed18edd6a67a241f5ae998bd3216c8d12aba0a9fa9853e3176d6d7cab54c6b2bdf2ff6e856b54ca3dba02d10a81183d7c39db117ab3062735bff7ebaeb059658307f932e410b72050d3cde13accc16a74118329a0a" 
operation = "8401006d626c6f625f70696563655f7631a1646461746159403947494638396164006400f70000fe4b01ff0000ff0b00f3000cff1300ff1b00ec0013e4001bff2500ff2b00ff3300ff3b00dc0023d4002bcd0032c60039ff4300ff4d00ff5300ff5a00ff6300ff6b00ff7500ff7b00ba0045b2004dad0052a3005c9a006594006c8c007384007bff8300ff8a00ff9500ff9b00ffa300ffac00ffb600ffbb00ffc300ffcb00ffd400ffdb00ffe400ffec00fff500fffe00f6f20df9f609ece31cf2ec13decd32d6c23ddac738e6da26e1d12ebd9c63b7936cba9769af8778b48f70cdb44bd2bb44c9ae51c2a45c7d008271008e6b009464009b5c00a35300ac4b00b44300bc3c00c33300cc2a00d52300dc1c00e31300ec0c00f30000ff7e3dc27732cd6d24db722cd35c0bf45501ff5906f9520bff4e1cff5013ff681de26112ed4d24ff4b2bff4837ff4933ff473dff4838ff3f5eff3e65ff3c6cff3a74ff377eff397aff434bff4254ff4059ff9e6d9297639c99659aa67a85a87c83a2748b935da2915aa58548b78143bc8446b93782ff348cff3295ff319aff309eff2fa4ff2dabff2bb3ff2cb0ff2ab7ff2ab8fff4000bff1c00ff2400ff2a00ff3400db0024d3002ccb0034c3003cff4500ff4c00ff5400ff5b00ff6500ff6d00ff7200ff7c00bb0044b5004aab0054a4005b9c006393006c8b007483007cff8c00ff9200ffa500ffb400ffbc00ffc400ffda00fff300efe817ede41bdbc936d7c33cd8c53ae6da25e9dd22e2d42bb6916eb99669ad847bb08977ceb54bd4bd42c5a857caae51c4a6597b008474008b6a009563009c5b00a45400ab3b00c43400cb2c00d31b00e40a00f50100fe7d3cc37733cc7935ca6c23dc722bd45f11ef5d0cf35805fa530bff4f17ff5014ff6619e6691ee16213ec4d22ff4c25ff4b2dff4934ff473eff3f5cff3e63ff3b6eff3a73ff387bff4544ff434cff4154ff405aff9f708f9b69969d6b9496629d996699a77c84a97e818f58a78f57a88d55aa925ca49057a8884cb38447b93685ff3683ff358aff3294ff3393ff309dff2dacff30a0ff2bb5ff00000000000000000000000000000000000000000000000000000000000000000000000021ff0b4e45545343415045322e30030100000021f904090100000021fe2043726561746564207769746820657a6769662e636f6d20474946206d616b6572002c00000000640064000008ff0001081c48b0a0c18308132a5cc8b0a1c38710234a9c48b1a2c58b18336adcc8b1a3c78f20438a1c49b2a4c9932853aa5cc9b2a5cb973063ca9c49b3e6c2283873eadc19c5e6469e4083f6f44951a851a0441f1e7d02a00880211f063a8162342942a14e9074c0d02080d7af60031830c0a10952ab04813e49c2c140d8b7700330f86076a755a0509078603020aedfb7033024e1691368920e0dfafe5d0cb843dd9c34793af9a0f82f010408162c48b0a00001018b1920b10b533286ca6f0928902002458a162c5cc876b162058a0b111280866b40c312d22c792e3900f7720410275ab878c1bcb9f3e6b44b5ca88000ee8122c053ee747200b5d702c8552cff7f4ebefc0bd92a2c540f6b800855c8da7502f02e40818814e3cdeb2fef424585dd5f0de0c163f141f6160221ac90df7ecdc500430c32cc3083792e8c90c05b183c015f49f201101601159cb0e07e31cc20030f7554210515545431471b40c8f09c0b29805000580368a0214e1cc20796001488c8207333fce006155c7471c5924c326945153dcc1003742e94702158437418925d3f52d0c29033e8204515583469e69956d801878cd0a9a000580728b1e1475c7e05e40a0cc6804315679a99c5175e68a145164d6251870fcfa510015819bc37149d068265c197fac59003157d66e1c54080fc11c8a781f0610618842ed905a2cead7065000360c723a43cfeff38810afbcde0469f02fd21c8aebcf6ba6b207bb0b1c5925400e19c0b27bce955030476d4e157089040a9793f28d9e44081f8aaadaf81e031ec155d180bdd08047c25c49c1ac9672708233a17c30e6532998540dbf20ac0aef4f61a881e5a98ba83732c48f05586e86214a95714b05029bcf28ae147bd822cd46b1e4c5641037427dcc8aaab8f66a4ae570808595e0c3c34b9451ed9fa0a51af003039059be75530b0a33fe5f4550128b4dbdcad4b66a1461fda4e642f93580401dd0501caf9aac1074f302d792d2fe905ca2a5734f492774cc8dc08009ebbf4451f4ba0a07932c4fb051e29e37b11af81108dea0b2d40f055a35f5b9413146e097042a5d67effa147da1163c4f29258c8e19c0549173c514e46789580c2e6453dc6dff66a34f89255c00c02581c7b8cd3065e55a0f30b516b4175e01c55bea4153f349742b95e75a0b84439611080de91b7ecc5197e64fb91ea575821ee0b2cac17c003ef79fe04710a400ef5155fecd13bea1d015f78737107c8c4ec10e1c45d00a2477e851980f80e12f057d0019dc05e0da074c74545d1047124e8dc721668e84a7df56a3359c79431038b11b8a79428286100b82b8f15a077ba90a0ef0d00744108c04204023a0427074c00ad9e77058799ef7cfdbbc2f598e30214c02e0059aadbe2a26084012ce069cd89da1a522612f4c5a14d1a0b80d7e0b7c20e046002ed8a41cfffd2f04110068e70ad6b8e0a72a8010b3224271c08c005ca13b52ce8a172468c1ab86c009d14e4d0034ebc094e8410000bb4ab8a7bc0e2eff0c524083aa70400aaa00a6917050f80ef8c3da3dc48ae56b4636dae7d839963447062c710e0f10a5978d8fef8b7ab5275e1065442dab29c104631fa1088cf1148cff457c35df1c17f00644e0b2630b7e4310d740b701e733489484576521062205c0e8e15b0f60d50908364e1000a90824c6af15e6af308affef02d2e40b24dca32c0f67059c0282c610004e865269904cc455a6e57786092faa82482dd6460479e8bc213fa2282112d7049d55ca320fea0862571e162d0a9a55802c9c31546010acc5325e9a8a9ffc68dfc0a0fa59ae5b150b01e0dd08c6938e98a0040304d74f63323bccac3b7ba0033e6b080941bab64436ae795052ce807d44ca73f77f507365073465c6bdf689899cb2864c02b0228c173a4c0cf60ae8d577e5843a9ae0080e7ac6001030367cda21045af44e0393e8817006888914ffdcaa4213d560876638095d6b3228c038b099c33033e5d610bfab3e6437ef5a93e9461a7023956094eb801a10e759c5f99c0738050262b3eb421da0a551842dad32e02b57d47d0e80573a281af10004f0d7ac392c890b22226645b9ff2431ef68aceb43ae704c60b8007dcca919c28c14ef573174dbfd007c0410cb281f8831e468556cb36e7047ff5ca01967955b0ffe1040a9559c0069b538305b2410f9e3aadbe229b073caca15f7c250f0a56e5150d5092a558c549516f175ae704a14c5b3043ef9cca36500542b269304319c4b0859df27420ca55d6c09a05ab677e457423ba2e22bfb0063398210dc52d031bd420063290c10b59306f6509a2dccc06204e82b527e8602a02e5b8cb07acec9384074ce01991c0c0034821746d1b0527b8c52b04b8c0d8a016af09f3b520e56181dcc222a01dd576a851f840582a3062a869f15a09a1503701f301179b2427df038b7d62a39f86e80759ea85d36613cce122d047022680e19018542100b10709073d894ea6fb230890403c53de8f04ad1c16061421cb28017257e252000ae027c5cc99cc215c06e00025a0b940507080652000021410f9c802616e5c06b001dabe98243a490271162380022460021290c0044200020a28e0338cf9ca013cf0dc0d8f44274e7869a647ed971c3dc6d388cec91336e01d528f5a308e42f58f3dab67578f7a001d88f5a183036a212cdad6736e8040089394ed08c143c06edf405caca562eb040a4c30c27c482d95a0a0c520925942070ec0802756e5da07c1cb3d9fa0eba3ec1adce64e37b8bb97eeecacdb9e6779b7bce74def7adbfbdef8ceb7bef74d9080000021f90409010000002c00000000640064000008ff0001081c48b0a0c18308132a5cc8b0a1c38710234a9c48b1a2c58b18336adcc8b1a3c78f20438a1c49b2a4c9932853aa5cc9b2a5cb973063ca9c091198cd9b386dd2fc98b3a74f9d3b2ffeb4f9aba851a33e8346fcf9cb97af5ebb72d5aa65cb56ad4cb772ed7a5234a752863e9f34b9b5c912a545070e0c1a64602ddb418b2ed5dad5e497d7af077316cd950991da4101020b1e3cd840224ab778d9c5897760cf5eb62819204cb9b260b6946c25590cf4ab5e5c6d2d0b164080002142a605a81ebc56912d5e7777e26c7a093065d584162c70f4a8d38811a07e7792f4680121d6832ce57ac29826ce270010593ed408c48814a244b56831aafba817a358b0ff48d109d202c28832ed8afd12672f009309ab7e348205f7ef2ff2ebdf0f7e548b128d50a61c67c0c0e45e6d9415d2882729e0c7df830f8ef28924871096882d4d34c7d281b73dc289280ee617030cab9c120b2aa6a4928a2aa5c010037fa394e0086183d4d2cb4d2de1d44425f211d20988fbc130032cb274a38e30c414538c30ea0443872b39acf2e027931c779926b07586d26c97104640239fb4c0df2aad94438c33ce5ca1e69a6a1e738c3374b022e57e2c8060086b9adca8a5493869625b60843ca2428833c8420731c8b0f90c34cb3cb30c9b5720730c3939ccf0627ea370729e600664a2678127ddf44b2dd209464824dced37832bc41cb3a616d258ffb3ce1eeed04a4d34905e418c37a6ec374a278c08c06926cced1992a8482832182192a4aa5f0c7230b3e632d9b013cf3c82642b08b6f3acc30da4c78033cb7e2d7cf288b08125a2cb627cdae48b258309d02ca1e110a366325aa071adb6fcf23bd09ac8a89303b92a38428060976468ac47a2da125f60920caaaa1ccddc3bc63bd8fa2b50bf82fcbb6630b4909bc2a60118900bbb23ddd40b8f8235020a7f31a022cc9ad1f49171c707712cd09ac7a0730a9d231c1cc02095280c2a48a2fa295821233c584a39895ef1c5bed92ea431006b3223872afba50089608a6cb6f04637e9a26c60024c12e20baaa4e3aad400dcdcd0d56b1613cba5e095c048608310ff3b764637f982c9608e84c2df0ce2487bc532716bfb10dd91d2518a7eddd919d822591eddd14db71c2098214d8f19ccbdd5c80d91c675c3e2ab288f1c7c80d89a936d132f95d846c02462ee470a386f67637a44a85f718c2ba450de42d0256f82f2e636ddf227242a1cee8ae28cff0ebce36b0e938aafa0ec1d8025ebc50eb84d4f6462fb086bcfa0ce9abe3b4e51f0ccb8e26b0b921c3cc82dcb6b74d32e9e0726e883b0a05ee37056117fad091cdbd3cff18e43345ffc6d22a24250007cb43668ad6980042ca0b6bea02667a88e7225b01225f4c491c02d42308c00d27e02782f00b80f23d99a47353af80d18ec07149b42c4ba1eb8147725026d9260c183ff5eb12668f4e18517d1563b1e7585734c4e3f2c08d0d06c512cd901436901288427d20735355d23631c89a136d4a48e04e68705921056dfaa383e60fc82650158400a1e940a7b5d410bef40220cb7850d2d5ca119bd52a02410e6401e3ae4264d888f004090bbfd9c224d57d0463cf498c46db9e319910280af4020b403ec507f3649826d0cf10908b52251c9e00625f7088f30a849200a9cc46576283e08eac4368730dc835ca1262db4038c1dc9561f707505589ef16b8139002ef25711a20c2e300b905890e490a8301cb16ac114441fb6918c626af28ce7e21bfe0c09161cb54c140f9a8139ae90ca49667023d98ac718bd0945290ead166cb488a80020ff98ff1d6e74c9a8863b3fb2ad7864e395df7c8128ec1900e591732137818e601c814efe94a2188b330330b3d9876920543f2aa810df6cc14c5bbaf1870190d7da5e70d1c561035b20c9163c3c4acffc84e24ec91c672d7be8c65211628b0f8ac1e89ef1cb77c2731eefc0644d5f90029c06409925950822f93941f43d0806a383465109ca47262674149eb052001021b636fe82aa02e0c44a5f708e2b28831d30f5480ccdf028638227128359040931b24fb44d42880fc21a34e06ad43dce639b1f3d23c90230c28796b34068834423f7833569d8acb0959c471f13fb824fa06b689728242881710bbf02963f580b833b369a116dc1639e76cdd46707a1897cff0a4527f16144f4026b0c6860635f61ec2a6759b0589345d5a4bea06a234e1b24ac6563b5989d480cf7a08d6e0e443f2910eb5391705c93d622308c982384be7147330c748fdaa4ab37bfbad80028227c3b35697402408012ac9516899a06c6b0a9c16db1c38f4b65aa7607e1d0f89af417b511802398fbac8a2dc31ae7d52052abbbdefd3c82305075ec216d8204c02ce06541c5da15a201dde832445befe08675edfa021538f57246631e3076945210ac75166b9a063c58fb3899aa18a1097dc120f1542c03538473d2594028561a833bac691bd69bdb5cbb5961fd78963006a025d2dc688941f868b2fa0140d492f1c555222486dd92c605833c0a640ee6ff00f0ddf22f7aa188413062c95715313bcbcc5f85686b1ed7382890f7d389ca00c0b60c7323120e202f06e767672d8cb241b4150f334063cd410e4521288388cca50c18bea8c5200c01d4c0ea7919d6ba1a41f855690e0e5a8133a24c2d3843129bf402130a166f60d9c438776aac5ff16087ab3319e417e09532008871ad6d920b451062122ae48f37a2c64e81f83a867f96073686ed0c16bf40969419842e34f4e9276c221186c01d845e108eb7b5b0c4fc422a35007c056614fb0520f8ec600a6c64e685fa000b401f93bd812845b163c7f398c7b5b04161ce62aa132f160c003ed5ef12da3a13063804b4574a22710483da5aa8d63aae510d6db8da4daeffb021b9462052c20884dced02c62eba5c08e8adf505ab78453a98e18c632463195f4886d08f418c7300e089fb510124365d995ac03c5436d1456d0800094f38cb69a880c5389a540c67044320335877281a21346417d92537e1c5260053080fd967dd2f10522a56618a39456814230896655e8e23b4936f13f12144237e0466b83f683c90d0aecb01f0f495886a13a59ae021408067c3532e3c2588c421f4bdf8c63b5e54a41a0c01989602475f5e051372042138df79cf7f9e28a1173d2340000aff6c673ba208052826d1bab28b86ef7d9fc96c902019ca3862129de084f223519c42f85e348300be86a14e945151e24fa321806a582f9aa11d9a3d41994d89133281d2ee9b7f6806d069f0f1d2935d64a2ced83f7f600c40895ac06efd8d61fc6c7a910b4c202234dd3708888008b5900b4d5064d317133ee10bbb700b99500969d11607600006b00871710b4970806e047ef967103d51144f0015ba900bba900419e81404827f1da8104391823fb1822635141c0883b7f5723478833898833ab8833cd8830f11100021f90409010093002c000000006400640087fe0101ff0b00f4000bf20a0dff1300ff1c00f71808eb0014e4001bff2300ff2c00fe3501ff3c00dd0022d4012bcc0033c4013bff4300fe4b01ff5400ff5c00ff6400ff6c00ff7400ff7a00bc0043b4004bab0054a4005b9d006294006b8a007583007cff8500ff8b00ff9300ff9c00ffa300ffab00ffb400ffba00ffc300ffcc00ffd300ffdb00ffe300ffeb00fff400fffe00f6f10ef9f609ede51af2ec13dfd02fdcca35d6c23ddac738e7db24e9df20e3d52abc9b64b9956ab7936caf8877ac837cb28b74ccb34cd2bc43c6aa56c9ae51c1a25d7b008473008c6b009462009d5c00a35200ad4c00b34400bb3c00c43300cc2b00d42300dc1e00e11b00e51200ed1300ec0d00f20b00f40400fb0000ff7d3dc27632cd7935ca6d24db6d2ed8732dd25f11ef5e19ef5c0bf45502ff5906f9530aff590bf94f16ff4f1dff5113fe511afd661be5691ee26214eb4d23ff4b2bff5023fb4934ff473dff483bfe3f5eff3e62ff3c6aff3a73ff387bff4544ff434aff4254ff405aff9c6b9495609f98649ba67a85a97e82a2738c8f58a78c53ac925ca38549b6894db28345ba3684ff348cff3393ff309cff2ea4ff2dabff30a0ff2bb5ff2ab8ff00000000000000000000000000000000000000000000000000000000000000000000000000000000000000000000000000000000000000000000000000000000000000000000000000000000000000000000000000000000000000000000000000000000000000000000000000000000000000000000000000000000000000000000000000000000000000000000000000000000000000000000000000000000000000000000000000000000000000000000000000000000000000000000000000000000000000000000000000000000000000000000000000000000000000000000000000000000000000000000000000000000000000000000000000000000000000000000000000000000000000000000000000000000000000000000000000000000000000000000000000000000000000000000000000000000000000000000000000000008ff0027091c48b0a0c18308132a5cc8b0a1c38710234a9c48b1a2c58b18336adcc8b1a3c78f20438a1c49b2a4c9932853aa5cc9b2a5cb973063ca9c49b3a6412d3873eadc6973e3ce9f59b26811cab32745a043a9488902e50914274ea24ca912b4a8d1863bb35499f28449920f1d3668c8900102040d1e92308942058bd5ab077566b902a549920e191e1c3800a0afdfbe020e3ce080642d16a25ae0dec439d78a93231c1c2010f0b7b2e5c00f3e349142a52a4ec53aaf4461f241c301ca96fb06584d8040ea03193c206942e58a4ea339b34871c2010282d4ad132c6020a102860b16283058a0204181007d4f3f00f1448aedcf35735a7902c2f75fe80a244cffc030a28409142956b468c142050a1324445890906075df061a8e38a9725b26e3284a6830995f094440c10524a4c7c20b2fc0e0e0830e32f8027b2888508102d0012000021b2c010555d8bdc418144720c0575f054480010a2bb000e18b303ec8a00b298c1041027e09e000074d584194884341e141037f2d60010a0bc608830c4bcac0a49230bcc0020a173090a1861a2811855b89b1c4d8144838e057000c84c0820b2fca40c30e370861040f460831c40e33c400e584244ce01a60d341f1a34a5f26f1805f04485042920eca30c30e46046248215b80e105185d2402c82044d840c39330ba7082057bdef701145ca69453154964805a0011948066a23b0cff0104225cb851461964e44ac6ad65b001c61f401441a792285450c05f0850f7a7498c35a1c1aa0b9cd0c28331dc2048175ee0aaebb6dbdeca46177f0421440c9c46780205c7fad5c01151e4c42c4e51787062000a88e0a283341461481bda6e5b10b7b98ee1462240ec40c38b2fa03041ba1a36a0c414ee928493154afcd6170118a8f060be5bd8aa6b436a740b8621994e02a10b284810aa001028d1598820e1748513aafa1581090dc230831089b8a12b1d773412c9d092105d74248f4cb2881d72a06146c0be0a74f20911ac9c0113d775f9514e5174603100f5beba73c764982147d0454ba2f6da6cab3d742379ecd1f4d3b90ac4690b284470e5011d3cff516acc5a609184987d25604192340871881b66a461072391b42db9e44347b2c81d70845cb7c90fb630028e7e1d0042bb30738493141bac1a410a0dca6083213eaf818723914b3ec9dab74f3eb4238ad09106dd523fb8c2045702d04012fc959e114e582cf17501663a1803105e90f1c61d8ee00e51db8f3062071c9b731ee5090c6bb8c11311fb74ba07aaa3d0fa10859461061f8d682f11db913852c71b9bdbe9200b21281f028e0031e559846b834211065e958320b0a10c705044ed3072b447d4017c647083f8609082055c89657e336045188384af256004adb3c116c660063dd04e121a399a23fab086cd3dc8052308150010f0012988f0285a900207fffea2801334880641a89e1af0f008b56dc46d8cd843c806f2a01380ce2f0f6082157e18919c40e1440008c0043406831cf8c1676f5844e43a52b44728620e3674900b2e503c016480745a3b204e9e4024145de0553840c418c84087177ae46877480319a8e8201328a0320d68c2b2f4a8858af94501285cd210b820bf393411866c2cda22e410c72855a03202000197f208442c20a14829485411b850b63d7cf2234583041fa628be1790a07c00b863fa46a8852b0cd12f634c9410c050363edcf2909278041e14c94818a8e08af771c2308158050d8c6902f782c10d3869b6678632128cd0c3d38207831654a08e48b80e464e07014259e055301042177225ff8747ac1197f9ebc33a374802cb70800a5c7408bcbc79b10526ea065bc8151c2688cb68de8197e243013601f000286cb38b3899c2060885819cc920078618e41b84e64468464211a4ac260b2250990330e1a310c9091546ea477c22d1676690604b0f894e382e527c2ea0002a9180d39c6ac10a3c0de31f1f24032200f50e148566144bf9023a56a603c9bb88cc3c30a6a926ca08d523031f6a07ca5036620f038590082c338902b212a45978a56a2a104e190c2111fcf4e75039a23647f061a0e22b810e012090a62a14274ae8230028b00208cde08c64586256095b343cf0efa80f7264651a9bd085e4a4090904c0ea2014031fb421577af8645b9f284a0cffb2b383a39d8463b1821328d4b32f0a2841ce962484b4a20172837de24b49095a07a96001b9dd2d6fa3c001d4102004c315272270658649c896a88af82c3b55c080dc4e72223243c2aa2a50d98df5c0676448831a939b91a229c2b6197de45f487b57906a8109bf552d0a5e640342e4ca0c76f82e615f6a5bffc1c08ad12dad69437a4cb00917423208c220c90087f9ceb6be96c320180ed6c88d0a6012e745af16aa00028b154004f8d4246033db87ecd1d722456384510fe160129818c5129e70169890c00058605aaced415adfc0c41b57a4688d30aa1f9ef402112cf6004a48b144bcf8acbe4860c02f9a8121c250b639b0f4c34fce31f8ca108427b900ff5435bd6990276c05109c8800304e530d0e912b34f441b0689e88dbee4b0636dce0412c506a4d9b20ddc76a6109840b0005c8c85a2344940c7260e23f2fe2b63c80ef0f24868109a05b990ca0afbf2ad60214a2aa0013c4185f3dd8a7d9f220580a76160d6c20c20d4500cc037c00a1a84e35a42f4601d6c188063fa89e19e6b0885aa7397f7c5803211ccc02e25506014d90a74672823ad428800448c6300d04c186ccea61112f0cf442d636343cc8810d93a0f20848fd970ee0d174c53c421f0b65ec34cd4010d95a831cf20009b636a46d435b841ed490881908ef9d355582b6d59705ea9e28012208b7b88d008632a8410ee8aedce4462ec345d4210e61ffe801895f7002fde6680351d0b258031785224f0005afa6ea1004b98639e461118da09dc829e7b64630220f7da0831abe10841c74ee02c07458583da25379a1a8022ac8f98376300936ac010e7ae0c31df2c008473cc29f953bfbd907f28635a8e10c5c0882c323940209d411e68d4eb5aa039c00ac6b1d5f93388418c8b08634bc610e7be0031fec70073bf4a10f7cd0c324d640b7328481640e86010ba05e99072c61ea5b631e13bea6000bf43b466ae2c1e2b46586a7b57e5b74cb5519bc30881a94cb97e5fdcb018eb0c539a7da0a930063e9db0b2519ec800888802fc0b835062f18c2083a40580a28a043016cc04fbed7fb14aa7bc91184134a30c857ff20b6f0c06eedca0d60f083107650ae28a90003e5b3a313262e129d446112aa1b810ab25bfc1918c4107e10088280037387302b20022ea7210eb004bd7712f6877f17a300186044e007234eb22476e224ed17252d70801e94230ff03079a73e431105a9e31705300126d002fc57812e8837237021baf700b43182f836315da61ae3c1822e58812fe0022b600221200105b0320dc0014f903cc13612b9017c93502417900288d283103221074801094000c57300108004316783a1c7184f708285c3000892757f07232fb00229800144583c1a02011fe00453801830b11351b0047aa11a04a000e3510252d802af325c3fe8022a600216b000cf814a0fe0014ecbd01660c8843a810552b0041ef000cf131ec6511e278002e881022520022170215aa87b0d900120906dabb4845eb2135800054bc001192019933100065000c31101122001cc91851a12187be1001a908a318718ace8123f514c54f00476710447e00161f1000f00010e508d0ef0001ab0011de0011f700449f00453618cd9b712c9283357a01452c08c4cd0044db0044ab0044f10055280055540159ed11f8a5110e5281741711881238ec9988ffeb58ffb28900679900899900ab9900cd9900ef9901019911239911211100021f9040901009d002c000000006400640087fe0101ff0b00f4000bff1200ff1d00f4170cec0014e3001ce81918ff2200ff2b00ff3400ff3b00e82917db0024d3002cd90a27ca0035c4003bcc0c33ff4300ff4c00ff5200ff5c00ff6300ff6b00ff7400ff7c00bc0043b4014bac0053a3005c9c006394006b8c007383007cff8300ff8b00ff9300ff9b00ffa300ffac00ffb400ffbb00ffc400ffcb00ffd300ffdc00ffe400ffec00fff400fffe01f6f10ef9f50aede41bf3ed12f0e718ddcc33d7c33cd9c53ae6da25e9dd22e3d52abfa05fbc9a65b6926eb9956aac837cb28c73bfa060cdb44bd2bb44c7a956c9ae51c3a55a7c008374008b6c009362009d5b00a45100af5400ac4d00b24b00b44200bd3c00c33400cb2c00d32400db1f00e01900e61200ed1300ec0e00f10900f70600f90000ff7c3ac57632cd7a37c86d24db6a2bdd722bd46d36d65d1eee5d0cf35602fe5503fe5905fa530bfe5909fa4f17ff4e1cff5c10f35113fe521bfc5a1bf3671ae5691ee16213ec6418e85e27eb4d23ff4b2cff4a34ff473dff4939fe5924f13f5eff3e62ff3c6bff3a73ff397bff4545ff444cff4254ff405aff9c6b9496619e996699a67a85a2738ca87c838b53ad8f5aa7935ca38345ba884cb33683ff358bff3294ff319bff2ea4ff2dacff30a3ff2bb5ff2ab8ff00000000000000000000000000000000000000000000000000000000000000000000000000000000000000000000000000000000000000000000000000000000000000000000000000000000000000000000000000000000000000000000000000000000000000000000000000000000000000000000000000000000000000000000000000000000000000000000000000000000000000000000000000000000000000000000000000000000000000000000000000000000000000000000000000000000000000000000000000000000000000000000000000000000000000000000000000000000000000000000000000000000000000000000000000000000000000000000000000000000000000000000000000000000000000000000000000000000000000000008ff003b091c48b0a0c18308132a5cc8b0a1c38710234a9c48b1a2c58b18336adcc8b1a3c78f20438a1c49b2a4c9932853aa5cc9b2a5cb973063ca9c49b3a6cd9b06c1e8dcc95327ce8d3d830af5f95362d02f48bd80e9e2a5cb962d5d900e05537461cf2f5eb668b962850a952950a64479c2e489942a57b4309d5a75204fac5cb07475c24404080e1c24488810c1c1810311247c10c1048a952c588516e5e965eb14272342707870c080000100326bde7cf9800309219848c9b24571cd9d5fba64a9d24432e5cb9b63cb967d80a0962f3d69eef48285f5870896670b1fbed976d0983a535b61e2e18101e2d0a313c4827be74b9d5dae4019f10073ec00031210ff5040608179f209d20f0810bd7827285878b24c9e9d4907079bc18fa7908184091329a4b0820a2aa080c20927948081050c1040007bd00910c1125570615d4ac9652185081178174000092c60810626ace0020c31c420830c33b0e8e20c31c0f0020b2a9470010303446740074f70511d4a3af1f6040707601600010c6040020a2bbc00038b334429e59454b618e30a369207e16c3b426121512465f84407de0dc0400627b0f0828a55b6e9a69432b490c2061424309c011f50511a5523edb4c5154e74f0dc000a5c70420b31bc59030d09bdd9e28c1b289023972158a1149f20edd405152348f01c011590b0c2935552d4a60c2ea48041025b6e66c012595cff9aa94e5c5021027e001070010a2e244aa5416ab0a1c6b0c42e54650c2d9840c1a4b145e084166076146415213c0040000b6490029b53d63090b0c4aed1861ce4cad1461b6bac312c4255c280c20576c6264007537411ad46d8518b6b0219a840ea9437ec10c91dc3a62b871e7cf4710820801c62481f7eec412ebac51244650c2c64c06a6c078870c58f4081e1c515221c9099ae29c040650d3e24a1081ec3cab187c2825062c9259960728925955032482087f4a107baea067b874034d420650c2b6810af661246b127473a61c1440499617bc2bf51de70042392d4e1c6c1850c5209269964b209276c73b276da3a572288217be8f146d16cd8f1c8114a47ff29c30aabca1bc2c79862a4d3165048e09d021ab400659436b84c461a6bbcd1872067afddf6e69c7392b325840c72081f72149d461842d8b0740a16309bd9033dde5b51d523989c2b062bf83a430d914782071b6be87148e69c1fd4f9269b64023add770f4b0611382c7dc202ae1b30b8ec1361370507980d50010a2a4b69831291d8013c1c875ca239db0e75ae3c21a3ebb1861b64007183942f98c040ab1240616f46555b02ae08b0811740a9063d201fcc8217884b6c6e229ccbc4252a110889ad210c4798920b48f034001c60095fbac8b43aa0190a6c4b4a3800c224eaa086e00902130fb4c8e624480843e8810e8ff0c1d25870010268c67af1295cf6ffc0c08526580b0003b880e320878447c04c0d727861db36b2394c50900f7960840dfa068313ec2f3312aa026e44f8852b8460712478419468708448d441586de84426a6d891cd5d42107c2803115417a51664c08799898014c6383b9d50814cd7a2800aa094034698015c0289611dd9b6094b1c620e63d041df6290020a40087653a3c8e19e30c00cb4608d4008431ad6d509497aa46d9b20841fce50041af8cd8f8074401342284a3060a176994980097cb58345b0500d0259df48da760944a0418bf833810232730026404b881001c317b0f0012355609133a0011254c94a577ea46d9840c41f20a1c328c540051560cf074399bd2f1cd248187041947830ff043394938ecbe404262ef9881cc0a9051690a735b1d7902041e1880a48e3ee72e0bb7fb22fa09cb08421e430860cfa4d050905c0abe819115a1931330b40018b6a900449086b0d9d502649286989a1994109b66c910abe384f8632e4704bb01d035280ca4722b395001509db322188d2d5af6f32e8247b0cc0049266d39723784e002ec00216d980086458d71c2f3a53b775a20d6aa85f4e6580826902c0014e009951c0b0859201200105845c23580853999635138758031bc890844d9a00900f9082acea69c6e7248004e1f3c15e873508cd9d64a99d10ac190aeb4e12f850001ca8c285e67a05103816b251f2c1cbd4f086412455a96eab841e866506beff4509062498940708874d8768f30a1f38ad1a67205982b5a1b2640d68260221876065524a30d0800fadc7cb216221042623800686db034790810d72702d274cd2364bf0415d6c58041f67e0820ce488aa56bd2a16443028aeb2080742086b78c75a92b635d5794ad02006062080fec975aebf3459002ab082951a411269d86f7243c2364bf4a16893e0c1945a70810058ef0aa39dab169860bb059cc057aac5831c1001c3f162741070701e10fad6c70b14e0014db0576f1f62d2016a409f33f82a19dcc0874abc76929ba8441fd08accf5b68805f1f480150e3cd72f48417148b46f388f00613d0c82bf141628229aab063174824a51a5800346a063c37da1ff0a1e780e0014600295b12c112a3644252c7b4ecf11e2bc6a484327ee37a5177896035268b308c190859366b9ab4106c218e2f00644a86fc219596a250a513a3ca8b74a2cc000023e00e21d975464f744a909d458831c2462c87a0084038f5c114d1f020e6bb84324347cb19d4200563e3df52f71e53d70d6c0088fb8831be020ebf5b9b8d64bb5042286960645ec80c652da60033aa05853cf950b4fc0f25d511b695506cf1094505be79ecd90cd25cf121594031912d1ce8ba5a0021060427ca8f6db10c879c12a4814cb1c6106cac9810f81a884bad7cd70ce256f6794a8a01bc41004276f58030dc89352a4b594277428988d5be90e183186349c6f0fe8ff4e5bc3d79d3c4c5822e28588581e1e91048b43d78b13680262bc3dc46d8e00570060c0aad79883218c81afe2d2431f0261b3b4210f7969835b2634a1894a1002687ed0831ce8508646f000db53e2e405464d054272bc0b534024122900be95fa40098a30c31b0bd60638f0a11087404420423788be0b22108870581ff6008773c5c10c9d3082cde194b102f0e89ab31ab66606600113b8004a36d0c10f1621063ba46195ea3ad7b926068737947e62e872c31dc690889a837d4aa822c10226a0ef602fba0b5508eee41750020346a90638d881121cb18815fece0de02296f28d56073348a21147d8a2a350a53feb598ae7861399c7bd732d069000d228b481ff0f8e1084453c421264a8c31dd2a0eccfe3a1f99258c41092b003e93b6a06302801051c1f3bec2f1a0c5ad00458a319d8b20188b232bc93033960043fc0088df0808b10098de00840a0043ae00337f07aa7d202fa57000e002b662712c9810502c47d01a000dac235dd520337c00336d0032dd80336700319a8816e127b3872002150051b67124192054b70449a91001450024b747f48f8263200032b4002fb63001e40058ae683bf3502b04180d982020798845cf8284d78010ae0611e1005d545852283054d206e59632668d2022ad88568f6022a400260f85e51388540b2135c2005ba971f66720124a0022d6040ba93843210232e308716108660e40155ffb027fef7116f610522d01db271820c70011b00202cd02b2eb222a0088a32a20226b0011a60011b931978225a21a6126fb1054fd01cdcb7190340280c302200a2022bc0022dc0022bf08b2b900226900116b00009508b5bf28157702991d8277e82054ef001ce311c03301e0cc00015600117600116400116500114401eae434d2000053b677b79481f59f00421701f45421c1fb21eebc11eada28a07d001cf921ba7c1185b50054f20021dd017957185ed21000670000f200253b08cfa781341c11b56f0044db00421f0011c1001ce61191a79907ff11712d00123300556b005d5211f5571144c91055ad0151219192120021ff001a141184eb090a431146d3e51104381145dd0055a80055a90055890164fb1055e50920d99930731154c89934a79554d69924f39955459955679955899955ab9955cd9955ef9955619100021f904090100a8002c000000006400640087fe0101ff0b00f4000bf4080bff1400ff1b00eb0014e4001be91a16ff2300ff2b00f22a0eff3300fe3c01f2340de72c18db0124d4002bd10e2ecc0133c3003ccf0a30cb1435db2124ff4400ff4b00f34f0cff5400ff5c00ff6300ff6c00ff7300ff7c00bb0044b3004cb90a47ac0053a3005ca909569c016393006c8d007283007cff8400ff8b00ff9300ff9c00ffa400ffac00ffb300ffbc00ffc300ffcb00ffd400ffdb00ffe400ffec00fff400fffd01f6f20df9f609ede41bf2eb14ddcc33d5c13ed9c639e7da25e9de21e2d42bbd9d62b6926db9956aad847baf8877b38c73ccb24dd2bc43c9ae51c3a55a7c008373008c6c009364009b5a00a55400ab4c00b34300bc3c00c33300cc2c00d32100de2300dc1e00e11600e91200ed0d00f20b00f40500fa0000ff7e3dc27632cd7935ca6d25db6f28d7722cd46b33d97336d15c0bf55504fe5906fa530bfe5809f94f1cff5d12f25213fe521afc591cf4661ae5691ee16214eb5f24ea4d24ff4b2cff5923f24a33ff473dff4839ff4f3df75137f66524e33f5dff3e64ff3c6bff3a74ff377eff387bff7b42c44544ff4941fc444aff4948f94154ff405aff9f738f9d6d9396619e99659a9f7090a97d82a3748ba67a858c53ac8d59a9925ca4874bb5894eb18243bc8555b39361a13685ff348cff3294ff319cff2ea5ff2dacff30a0ff2bb5ff2ab8ff00000000000000000000000000000000000000000000000000000000000000000000000000000000000000000000000000000000000000000000000000000000000000000000000000000000000000000000000000000000000000000000000000000000000000000000000000000000000000000000000000000000000000000000000000000000000000000000000000000000000000000000000000000000000000000000000000000000000000000000000000000000000000000000000000000000000000000000000000000000000000000000000000000000000000000000000000000000000000000000000000000000000000000000000000000000000000000000000008ff0051091c48b0a0c18308132a5cc8b0a1c38710234a9c48b1a2c58b18336adcc8b1a3c78f20438a1c49b2a4c9932853aa5cc9b2a5cb973063521443b3a6cd9a3243dedc19a6e7ce9c1b77d2ecd9a5cb962c5bb474f902c6274ea0336f12e582854a1415284aa07822a5ca152e5cbc80b10915a2d42f54094e3870408000b61028904801850a162e4d9f964d68b3a7962b040d080040b8b061000722843811c5ca162f7af712ecfb454b1515a8200c3eccf9b0000311443ca9b2e54b189a920552ce42050505c19d6377160041b4952e9181d60ce3654beb0806640b8f6d00c2092a5a4e8b293b14cc962a2928b81d4e3880f50000b0cb7e4b414a96b1cb65d6ff04d3c50a94106d655b2740a08002060d1a60c0d040418202d63b1b081125cb17d4308dc7051525a4275b010c60d081072bb4f0020c30c8f0820b2c80d0017d0c1440807684edd71f782f8da7058107c8464002197cf0820c35d870030e39c498038c37d440430c2fb4f0c1060c24404061fb49d185722ed594c5142440d059000534e0810b33d800638c3a5469e59531e250630c2d7880818f841d4002155e9cd6124d606411057a9d2580c10a31bc98c39574eac0439d3ac868c30c2e78d0007e889550c57fe1a544d3175840414189860540000620cc70c39c78ead0c3103f30c1041044f4e0c39d58e660830c2d6c504098296041244a876601c504c119ff4600031fc030299e3b0c24092763944106229b4c7204133f08d103a855e250c30b19fc284004510c096049686a1185089b155640062ed440e99505d571c71a6db4c1c61be8e211881a9d4062c40f3b6049c30a0a60670009568068921861688164acd515d0419cdf5659d01a6c24cc861b6ec091471e7cf4a1882280ec91c6234bf470250e3278900061103cb1c5aa23f1db4515051a86e00a3314ac43410abb21871c1027e20821851cf2c9278610d2c81f786052c41056e670030c18381b0215849244931757a4a0a4b6dcd64027cc0937dc47228d0c720828a28c22b629a4880d4a218ce0a1491142809a430df46277000a5990fcd1a1583c219db61bd8fffa2dcc0c3bec87208684224a29a39072cae28c2f6eca2884f011c8184710012ac71d384b0115fa82c4ef165284102b931c106c254159ebd14723847c120a29a6342e7be3a484d2c81c778c31f4e52f6cf023042a7031ad47349d9c72760974e0f7e903c99c471f83b82ef6ec08313e8a2179bc71c7264bc49be70d2c3440800125a83a3c47628081850a1168cb010c30328fcac2cf0f6248d8b237c4b82889b8c1461d920882db66e001050c60694d239e18ba40056c1186000d70c1adec241084c9810f8d38842860d738882c8e1487c8031bda60862408c14a47335504a090c08ea42f0b2a985a001400026f558907157c831c124188508ca2831359dc28ff1c210736aca10cddab92a85a800103a0c07cc40bc3c91c1880e4c50007ccb360220c9138c659c471a0d0c308ed9004efe589061f5880080655a8a0a4897d0fc4800429251073c9c10f85f8a1172fb2385134a2886bc804118a7683173440024fe042185c28862f5c8104830900035640033a0a840d172c842862770a8d388e10701861199880251974000127b882998222062f4c210484b122160d363f37e46110a1e0e4461cf70931b2c10c4e4096a858b0801190a98d1879610c01004109322f617058042814d7498e2c2e148948581d8c60461de000061ab080142083be2f58e1048349c0072af9cc0b1e428f1e11e21f13860a1f6069061c900014b480ffcc8bb4920a211040002238411fa002617068442eabd911211622946ba8a7bc3e70011564e17c15a1c916a0d03e02744006df124224d6e0063de471712059dc21c4d8065468ac683658c1035239168df00b0b273040155760034af120089988831ca419bb909cc214bd7cc31a3041b42bdda0050e3041befa3913479640a0187841419bc08938c06110f04ca92942d10737ac4112f6742a54f1f51f9b9af3aa0203a99584800434bc410f87d0a55843b108b342e2a556c2810b1c30023666e45055c0963a6d68a71f44e20e6fe003288a6ad4b12e420e77a044377570031734600453206732c3c005294c00000a58016377b0044d90b40f0b15c95141715933ff1461b39d6dc00484445589f00b860718a80b7a5a251f388113245d8428506a5452802211731825b2aa94db0a400137870d031650a0d308c64f073e28421948ea88b0a6d4b989a0c3267e50a7a732e0004fe0e761c17085120487a0941a8212ccd006390c829ab225c5271211874a34d5a92c5040c8b0ebcf465e015b926cc104e98a868511628f1ff9a021149186dbd6a906204800f084d7db87a0a90ab0442d4fe7c4032240c20e9844855e335cbb41e80111a4a4530e68e081021c000a246ef017a8b0b704f0f4864190c41d1626630c5bd314a220841ff6e08903178d061c280004a4d0c2a878a10a7b4b2d717f9a8925b30115d464a8359dbb88397478ffb3de844106023001ce61d4b75f4e310d89bb03269499c99c54b327a14c083dd041907532da0a1800000aa8f2ce11499f1548101c8fb6cc4e49ae033d51e1e48c3834117240c311d2bab11870e04721b828a4cda23eee323303f0cb010f7ef0e24d779a8fa718c5272e1b07414e374f36085f00045082baaddac462d00214a63649e2128112763097406e5d11c789c211d9438311485d3453fec8004fc04d89cdd2ca29508030719d530f945006693799b95fb476e4dc508748fce0d79c6d4103e4c6b46323db9c2208ce40b5aa03d65ec2cca8d0a3a025c238528862107c70c3f696c06d2576ec54022081aac76d9630009730a99dd4ac2bc1df33731ade41ff745c286c6cd6311801b030d5b7bda240288e23bb0b52d89b47e5da83228cc15c6e78f7c21dc2b8b1b2fc9795b09c8e0b9965c250c00a7613727d054e503b0141123066831f4241ed8534ce14a010441edcd0867a03a1e2338a41070065001588dbe6e456f6d412e00176f69c13661684c21f223b015f96ec77c804c5130de27a014000227834dcc9fd852a40323b1978018b83407284e5e1a4284f88ec447188b28ef00e9770c2a796ee82668589e6b9c9ae169ed03e00a8f3d23e684299db10592e767ddab4034523c66ec43a84bee279c281da4f0500278eccdf5e9e34d59da9032118411377e86f223e916686ce4e88a228441f8a68443240a2093057e2ff0d66f001051006f15620cbddc2b0d108a4f303366cb112345107e96b32d0d727dbd912c1fb35dc8113494004c0272a31e0010c801d02b05b90817c19d548559053af36470547044770096820547ce0089f1036a4003b64330aa2000a86e0087e30336364069970044200676ff3021c60786f715d5117455e103ac151001ca05573b20342b00490300675200770b03a8390339f700885e0337c900745d406fe870629c8046da3636fe3021b90000818014fb0714ef3424f3001024577cbc3033e100447900964205434f3307aa00779000773e03f4e88065098044130043b806fe3c702a6622f13a002e6c380c9943e5780029a31431df002ab35044c60099bff500676100771802e94d80671700766a00995e00452087cc016031f203e1d1202508005e0b178d9c50548d21655b4012e4003b742863fb0044af0089750066760066610086680069a900994e0049d826f31322aa58285e74701f1758a86c27e524069e806293120253142863d40044c50044940099650094970044b100402488c6f23032cd00119521807200250b005cc6828e9632d22c02804a0001cc00231500393528d3be00343200444200443702cf8167c3610032bc0231b727ec6410578917afbd2481b253ad5312b1bb00250820353f22d54428546732309a9003f727e07400128701bca818a77d3486a22029a11300ae0242d100334408d1b292333ff82037bc2251f90012269188971025280056f1713ad320525b0168d82201bf0012cf0200f12033230033220033090231692010cc01e86011a240005b7f18e46c92f5a600551909400931d55149318c0001990011b10971980213ec221244902a3e18e3318204f53964f2002c0912dd5711d8eb2211b629785411b14900253101629991a43e1055950054f40028b2298d40124b5810253608a62099968e2057f210528100281491d9f710013500250500559d0059f991a03b11b5fd005ac0105a5490111c0166e71000660000700011320022700055390058a94922a99133601065e609b5740055200052a70022890022aa0025020055470055b009bcab99ccc347113cef99c5ca0055ac00545e19ca6119ee2299b42119f3f219b83289f82489ff8999ffab99ffcd99ffef99f001aa0028a9f0101003b" 
 
[[commits]] 
entry_hash = "0020e4a613ae85a231a4871937f5dc252735a2763f60f3795051455a3b0734696486" 
entry = "0097028cac423dfcf179b547757c8c289661f195975bf4682163f6c6c077d843d701015700203d6135e0d22738d5e0a4c45f7142eaf554998e6f5fb810dfdaab831bb2ff290155e87233d26684b8d4c21124b5e97f389aeb872105ca72288bc7bfd8f0d11629be70b3ed15e3dfb77204218df1b4f91d9f90741b77ed63435a7a34c819ac5602" 
operation = "84010067626c6f625f7631a3666c656e677468194039696d696d655f7479706569696d6167652f676966667069656365738181582200203ac2b534aca45ea4239226349e89fc8be6ccd307814f4ee4f2fec846f177cf00" 
 
[[commits]] 
entry_hash = "00204a11d313e7f0025aa1049a877a17fdc7b27afdddbd46adc7a642fb67fcbd6d66" 
entry = "0097028cac423dfcf179b547757c8c289661f195975bf4682163f6c6c077d843d70201c300203fab3aec409dd7f071a31436ce63243658a92c90543fbb5398aaf2ee3bb8ba3357c08f26e143e758488e02a360be9c36fddd01fb9014c6bb5310801f807362554ca3f533f48c56db77edca9000a40c08adf7f63154c79d6f47d6311a9bf56007" 
operation = "840100785267617264656e5f7370726974655f3030323033363731666137656634653537383465393933393336343738303139643330643130653034353263373732386331396136623339353066623136613439653737a36b6465736372697074696f6e7826412063697263756c6172207261696e626f7720676966207370696e6e696e6720736c6f776c7963696d6758220020e4a613ae85a231a4871937f5dc252735a2763f60f3795051455a3b07346964866974696d657374616d701a6558059e" 

# Bright green impressionist grass

[[commits]] 
entry_hash = "00201a9be452780780ffb457f724d8cf30e4e12a9e11fe21b98fbccbcf35df60f30b" 
entry = "0097028cac423dfcf179b547757c8c289661f195975bf4682163f6c6c077d843d70301f911de002087267b1cd0a253d21bdd145829665a677ee4e6d68cdc41b930aa9921733c26a721aec3ad7d0d61248e3a5740f62d12e16bb761beab13befb2bf6d8e432eb128eac0a09d1434f518f9e2782939f4068cabdbf6e2291ab4e4d80b93df89abf1f0f" 
operation = "8401006d626c6f625f70696563655f7631a164646174615911c489504e470d0a1a0a0000000d494844520000006400000064080600000070e295540000118b494441547801ed9d5996dcbc0d85db3979c95356e7557a75d9401c5c001f0952944a35a9dbed30a71a1c40e062a2a42af9cf8f5fbf7ffffef852edc797427335987f5cadf0b63ef2e36fa1a347fe390ebfc24815a2607c0efde9051ac960a7c79b716cfdfde36b1d59d706219cbf754a9df9e5b17927aeaaede3e3354796e13d63dca87a1e796adae435f42cde5e31c7b8cef26ded1bfd70eac8027c644b11208c96413f73eae78f1f1f51e68567d9cd8d6d0d63dbc4c59d19cf87d9210839ef84e36b0bede70f67cea4fc6d7b1fb7e76685100cc150bf7e1cdaa45b41210be075bb725aeb0ae0cf4d25b8b40bff4cc00bc87028eb46c3df86ad751a4e82d126acf373c157d76bbf25734e1e56480d4615d2fae073ec18f07b737ca1d403c51e17c29e26f1b2ce2f735ac7b5ca6a0115be0a38f06adfaf05d27e829cb70b39d0dd0ad906c38e230711caf695ef81b1796c4c63ba4316d6bd73ca8e98aabbdb8252806e83e11c69e2aa3a9070968203baac9065301c5b0dca0ed8f4baae2592d3cfe280f8b36e3b8bfaa57c2380195fa892c7c557e931886d508ff959a532a0cb0a61b16f1a8da8651cc1abeb71618f0b3c12ca7a669756663d70bf97024094cf4a63e5ebeb9ec9664e64343c5a47569f130f99df258c3dd6a1cb800cc7a6f60f770dc5b92e9bb1a8cee218439d25ffb8522d77ccbea7f25cd1f71b0a603fa330651c25d6d19a54b30e5d0764003978cf223e8e7fe558f456d94aa97f143417b389cea0f96d83a2763e9ec9d45bba7f19fe5f762d72476660ea1ee440eb5aedb30edd7d5207e8fa8c05410d0e56ee5160d8bab621c2a7ab1cf82ea03c3f08d0047b955c729aeeceb6f885b5db8073354be6ab7fa6ed06c4150870735c57d8d1a3026b18efd306d6c4c5853f9c712ff07d0d472bcd98e6bfb9e28f7613340f8a07716b77b3cf049db129821cd71af11f04648646400c841efefcd8495ab263dec5b8025d6718066c8d44c6795a1caf4d828e58a32d08d33c7c3a8ad4dab56687cf99f487f536812d65e264f72020b3168dcb5d03cb5014cee3799ef59926df99ac42e492a6337d2d83f0533725d2472bc169ce2c786ae56a5dc7971fe137f6f5d324149db1e5a90a69595ec0d7ccc3de8d916d213bf3feb2de8d98ad2f4c875ddb97f2772be1603fd78816c419461d1fca39583c58dabfcb9251f991619e21cc49601a3dd0aaa8aed779f5ab51e22b2d823e33687cb2993c3933be53b33de0d0f61d314a82f81883f6eb0ffb44b5b18cfd826f634f1e5f174f6f3da9fadc5e8f2487ae8fac54ee46c9880266362abe139a50cdfc390ea0082cc75f41db2e989ba8b1ef98ba61b3fe22bf7647c749ee140c1bef558c1f63b9de2ad1c7f6e789d6bf3a29462ccb554af67c0180b0a96762e5371e392b9e5b62e159e7af0049be7f3d53ecd92611803ffe63bd7f530183dd8dc504f1dc843db6c6356593b46ddfb94ef804df7c7c444004de5a13aec1ec5ccda9cdf380643eb83cb33c73a6f9589ebd756e1ccf46fa36405843707c23b0d88f5ea8291e2bc291fc8b600cc9963640063b246fa1aef9854d272998a071649982a67456668297c7d20d85a120d0733eb265af327072e3736706a008062b1335be5a799135da77a2e5b3d6908cab6df885b52ade71b2b00c7c5f9c7a73857840da198852a86d0ee78594c6e7f3cc059dffee39bd3b2b8255c7d5e9fa9128c086b5756dd0d582c12c7219dfa2fa2abe7a37f83bfe384e9042267b92153fcdeb8cefa57e97d59c8e2de1039755c1c2072839b3f767d5a03d47abc3fd2e46e26c6bd53f6b50d0a23262252a51faceb7267fb3ad4f541b43475601fe4a7595ef2c02e44187bbac015c090a81e84a041634d0c8a40e8af97394e32a8211ce7090de958cb1553e56c4dff5337b9be28ccaf9889cbaffd1fef01c22c73b90c9fe081419b30a466ce8469c0b420f6ac0af4e0ee74ace04c6663adf766de5dc5bcee9b823a0757c6b2ffa44f9dcda53d7eb7ecd0f155219755ec0acf9a892bd603c3bdf3553a5aecfc4560c8e631303e98ee6c79eaddfe350f63e4aa9ecd5fe47de3ee9cf210b89ef0dc23688eefc9c5660fc9636fdedd78afcf16b0135a636c1dae57cc9c251303aa092309a2cdfb5f51b977edc1f5448c5bc755e3f6ee48547d7ab8e2ec683311c55dda8f108ebf335985754c8180cece738c5ae8e4f33e39ee099abc8ae21e32644f57994bd9aa626d427d5f3807ffdadb17f6000595b60a2d38b2a64fdde15bf98aef1ad83d1a17334db91b567c533992f5047fb3b10b1f97503765baa63ff2abc24cd61f6a3b6887f4b577ab2f90d86eb95016ac59098e8b99de37e530243bfeedda81084bf9a061039de9f9065507566aad335ccd7c59e4ea8cf2b9a5666d5e34a736f6ffa7dc500c571637de10560a30585afe778e0ed3c54880524adef6bd6c33befa2a90cf11a023a697c4795f3135f0425defb724975dd2630ced7def5c7706ef508486fac07b5b5e941164ead53f959213528087d0545ee4c658c001a12a9112d0d70eb6f5f8d31f7d5bbb0556216912fed824f3ae78aad8ae22e359d3dd8d80763d0fcdbdeb40e2b1bada26ff6d140146dc39edc9897510e869da9228c656f8ac9b581184bfb42b004b5396b607efdc0f534ec748af9ae32c6b502ba5f464ce0b68b3a42b08af1b0018d9a5c312ce69812d5f62d150832c4baad6cd53f6a01dee421b6308fc69785377737c9319bdbf46ba1370201ee7c0ea9bb3bf36b7a78ed317a14b0ba06560c647c05e51b829a73ba93aaf33ede0153315b403ccf76585f3dfd58508e507c76509afecce9706ede1da6b94330c8fd6294f6488ee8051582e64783c13e97330c900cc528c69f43c760b46355c817ad568796cb73c878b62df63e39456a3c42cfa99e8d3bb7eb955c160c2eb12b3335a74f362a43432a2d9f4334b513422dbda491dc8fd0970078bb90160c69c29dd55ce62d28240f41617c718508d12a752aead5baf6792bf9c5d417a4190c39d91dbd308f8ae098657ce13504c72dd09d0a12fbff4c8ac3a9846a0541d1dcc57759c0f83b8382f595120ce885d7900a63752c9d095295f13dfaaa1882218b2ebc86cc0e7c2428b38c3f7f4c3044d5de5321fa99d23e7a524551a89bffde139479eff718cf15327d97f52223397d248ea0f89cfeac9a5e0f5570d4f668ac7eb7bfb542149cf754c8ca6be5c7fdd5b27ee23cfa2a7bb5e73bcccd15f2a66b08af10ed55447565ffe56df8cea7b27ce37ead1099f9b6e7107f1180d3a73d67e0595e08603c52558a82f3b73482227bdf54217a426dd148bf32aec1e85ee7e2cfb105fdf241f1a3b8db51f12a29576f9b8c3cf1348ffd6fab107d99d39d1ac118b31e2338de0c263113e25cd619fb755b80e4c729b0ba73a76b66bf69d95a532be43d7759a6b3076375fc108c02ae0523d7724ce6285a6340cbdecbbac2d680865686a2b6bcaa8833c12028f95e564a8bf71c51f19499ee3cc40e926a305255d358d7eaa60806c121130bc7c25365f5a1ee245277812e875b745b6fb86dc186ab6050e97b10e6bbacb942aa8a3d1927e74d94bd8babafa4170eec320e34ce9905f8beb9f50ea4349e3b3a38dba83d1f6ddf5464bd3cf8ee22d85d703c540674ae903b409f6155300cbcb70aacf7c97a4fb122720e46597a7157f83a9e2adcb14dd702ad731c8f89869d29c186db1b9b2a3dfa2419b2e60ad9eeb86ba680928dd85aa67501d47116468d0c7bd7881eb4bbc0dc6036ddc4a1fe2bdbdcb5af333679a201dff760b0ae99089e20f8b117f6b3223d35282f7c5217ba6c898dbb0fa7161d05c1dfd5f575ac897d6330b606914150543d460bd60a03b5d0265c13f9317ec79a2266dc6330c4543e7a7331f721ba0643732fa890d420bceaeabf3aea34c63528118cb456ff011b6f5b90b9b021af09468a6d786d0c5e2d392e26a0b9c748c78080be36f6b49786ad8c3b9d2be4c96b482a4d6ccbd7438dc5ff7981b31aa328b6403bbea1b77f6c0c6c8f0d1a1eeb2808edd8d2b85472029e333b0c09d55ae3ba12332e7c17174110c3eb2bc4c0b77770819078fc9c4da753294330c4effb6be621a483ed33afebb51712a8540f4ae069b853dd51302aa2e09b8321078cad5799f9ce966a509ebc86e8783285e97457bb0a8618c0296ac36624f323e636aae0dbe4d31d3b269181fec4259cadd28da7e184bf19d226dab5b11bc99a1c73dc6a30c4f9f46feaed582128385bb78b32ae649ec61c5f71a14fb036af06381f14793ed61fed6f8377764c51fad29fa312dfd6e186218f3bece436bf55a0b11c617e71858432292493a0ab60b80b717efd079c69bcd61b789c305317f2e63f990c544a241d404c37c19a822154da53934df6b4a415c3d458c7ee977edb8b50e9c418075f6c010f19c5b852974390d23975fd8a7ec3579d2fc565dcee1a65df8cd7c6f803bac25d2b44eb4f5e43562a62ae815804431c5e4918b110532b6db1fcc6a9f8ba47152e27379c366e41b22582213a241df6426f20959f088a585f5a21b36e296b81a19f41f0dbc40a7a111cf623033aeb79edd880085706c38f9b1cb763d896151c05ab0549fc36cfe72c2682e17aa4d6226c62e50db49e15f5285fa81beece52fd350ebf1f37ced2ce764b9cc188a0d882dc67ed111b088af6bfb542a4606c110c4f809a0369ccc8fbc54659013577e3d8329cc22f7b1e680483a03ff9a47e2f02436d0589f266dcbd622ee6f7ac276970bed17a5c5121f742936c82a2bd17578894672a8960a490fc314d496560c15fe90336100c92f46d77597bd8da195b82a1b936bfb7f1abcdd7a0089b8d1fb1417b088ac45c5e21524a001e3140fb3fbfe957c452294f00221854c827dc653d81fe9b6e252832ef532ae49bfaf521b308061572f935e421d4df78d37c0db9f98b21916b3e693ffac719fae75e079a459fdaa915225f1e5e433c182d002bdcbae753cb5b26fd661c13ffff7b8707088ab6ec56c8f2a52f9e219a32eefd6c22dfb4e03baaaf169821b912f6f8424233ead20ec1809e7852a70a669c5915561d1836feae3cf35f3d8eb75c965ad3a49a74f1edf29ead4b292f9954e2120c09dcbfcbca8c5f6b8d1453205a30968ce11429d4e7ca766f72dce27f177e8281fcbbaf21fdf701b2a91f5b6154540e475628325e9b66eeaac0d40ad8d379ab32867fe7e23660f79ec4fbe7098a765a40b8228f82dc91e5821effdddc91671e8d0ed8020fe3e75def1cd7634b782259a4f1963da32d23464e8571f6b111c1802eae21067af2e5317819c9068c662c90accb39f1a3ce63d0efdd55836101f058545cc8031f633b5e4b2232dbf7bb20a69fa6f33564aa105336fb74ba961049afa084e342ddd623b04570b2bdf308ab4eddcfe88a572f27c8a03a1706eeef4f073c41aa3fe58fa9426c4678f05dcbfc59a3dd59194f7c956e99382fd7b1c9eb6f81bbc5c7fc75ef937d0f7849288cef4e6f862eab42eadf190c976f7f3aaed55d96631c5f65d1c6a1793034b3cda6ce1777603d18b17218bcbef9e95e0463143356642487b26fbcc3627e150cd97b64f3a8efcc8860e097e92e2bb3de8362e2928e86e88c95aa099886363f5eb89d51ccde503acb63fd7574c2862183828e6d7dbca5416dcf3c1e33bbb13dd02128daba7e524777d2fa36bbdbe64a65507f28f429f10f1d040578562fa101cf5485e3db2f95365313623f1842097ea8e6a2915c8c1fa504033a5548cf1a298089bea8debaf0df9235b0e6ef25f528d94c8b8aafc71fe4c65afb2d5afb0bd76bbaa963c0d4254b1f7689f27f1fb1bd5610046897f1ea1e781c8e1d3161c1592d9b5b4273f61d1286f3daf6bd3e20eb6adcd3e34131dbf7d6cfbae5513e82013dac90b512f3a2125e4168f4382818dde4b1cf263ecb11358b749c9dc5812d67f99bcd071d822196f53564b559959141d8bce426fe747205eae0713e54bc92f3a9cd00249e7a7c764869684e1084befeba1ec1809607c3114457b9008f7367da37edf66ac076999e5f9031ab6688c31e4faae4d8628aeded46003b8bc4ed9eb278679760689b7ddb4b93d6d2fc5ad1c1b70b39e0a0da22fc1af3d11cfd426504d97627fd6dfcd2b2a2d236cbfd61fcae79a2366bcf1d7a58d46a695b3cc92012f169c7da1376cc38c71b0c53552aa4a04b04ad9c0b28b80005f579f8a030e758bcf7343909f9f7d0231d38fe489ef6c387ac23fe4771b20f1d4e7597b5fa584ce27fca8fe97f7e676673b7e8a3fb6ec9fd8eebb2499f9d0a1962f6b70dfe6b0697a3fc5af3ff070bbc1c2598f651d10000000049454e44ae426082" 
 
[[commits]] 
entry_hash = "0020b505c3d69be4239cb431108b57442e51ead4a80678353a2d174d2ca56389628b" 
entry = "0097028cac423dfcf179b547757c8c289661f195975bf4682163f6c6c077d843d704015700208ef1679c0504959008acf84c2b8ae468513079cf3f547640673d22f4b60f943cb3edf2c13937ed1f4b4a7649390c22ac250def35b08c3fa9d321b304e7241f65536f721d6f95652d033e46beb22bb86c1060845bff935e229a418ec02f300d08" 
operation = "84010067626c6f625f7631a3666c656e6774681911c4696d696d655f7479706569696d6167652f706e67667069656365738181582200201a9be452780780ffb457f724d8cf30e4e12a9e11fe21b98fbccbcf35df60f30b" 
 
[[commits]] 
entry_hash = "0020a1a45f1e07f272e704bdcc16bb77d5f3f7400d6045106125b33006e98127674d" 
entry = "0097028cac423dfcf179b547757c8c289661f195975bf4682163f6c6c077d843d70501c20020af36cc86edec89e51d5b3059ab52fc316c901989122a3db03c184d51a7504a9564a17746ce3f5c2ec740f5ca0f8242f3c5ca64997752cb71daf6121852c6e739dabfe4f99a9886fe0658cd5bbe91c29cb6f29c08cbae134ab32fcdde90b2740c" 
operation = "840100785267617264656e5f7370726974655f3030323033363731666137656634653537383465393933393336343738303139643330643130653034353263373732386331396136623339353066623136613439653737a36b6465736372697074696f6e782542726967687420677265656e20696d7072657373696f6e6973742067726173732074696c6563696d6758220020b505c3d69be4239cb431108b57442e51ead4a80678353a2d174d2ca56389628b6974696d657374616d701a6558063b" 
