# This file is automatically generated by fishy.
# It is not intended for manual editing.

version = 1

[[commits]]
entry_hash = "00203b6a82109119239e229acd9ee6b6b282f6d7564c120528d7a55d6166700a99da"
entry = "00297dce21fd3b4bd1e5ad3a557fd8ae617d3a72a75cada02abfdf7a96ee9fa17a0001360020947cada104eb9abf514cac7f0b99be429887c3caf7db6983e64b529838162d3708822cdccc8a8eec26bb9b4404dc6e1a95619f33db809624b9df108b446f508cb9b6d72d08d2338d26bd0655dfec432c6228836c1526b6d6b6df65e2c0e7d105"
operation = "840100781a736368656d615f6669656c645f646566696e6974696f6e5f7631a2646e616d6567636f6c756d6e73647479706563696e74"

[[commits]]
entry_hash = "00209cb0417e14e151fc716924403d4fb294655394408b3e2b1eeeddb31617a76247"
entry = "00297dce21fd3b4bd1e5ad3a557fd8ae617d3a72a75cada02abfdf7a96ee9fa17a0101330020d71ccd9dd038adefad3260a41223e484edbc32e5c96b41df467c36bbd8c1d84b948a682e1fd9a5e6da1d52894d177d4bdb51e1c7aa532fb11106b0f1c35e8de01a2f47ddd0c31cbf884614bb0eb4fbb86682202ed6252e6fc1688a10d734f008"
operation = "840100781a736368656d615f6669656c645f646566696e6974696f6e5f7631a2646e616d65646e616d65647479706563737472"

[[commits]]
entry_hash = "0020d6e011d8ca372186d73c64ac3cc239300bfd357d3541d752c8e577ea49650ef8"
entry = "00297dce21fd3b4bd1e5ad3a557fd8ae617d3a72a75cada02abfdf7a96ee9fa17a0201330020311b3b3b124714e616ef8f365e926ccb48fe064556ae40df9db48ebce097e7168832772f006087ed4ba24f10a53e0ae354bc3224934f1d7784ebe2b58b33bcb0f40e0c154a0db94cd44c2759da87e3d938ae04769b0a9e772ba7e357d1f5920c"
operation = "840100781a736368656d615f6669656c645f646566696e6974696f6e5f7631a2646e616d6564726f7773647479706563696e74"

[[commits]]
entry_hash = "0020a6dbbf5799ae4372cfaca415ab72c17551e52230a718a1712dc953ea45f2c4bf"
entry = "00297dce21fd3b4bd1e5ad3a557fd8ae617d3a72a75cada02abfdf7a96ee9fa17a0301380020be928216bfac0ec773fcf04b58fe5e9605ae65214a9a1334ea0aba5199d475f283ae7f0fbc296b1e6ad49b19bd3e1924c4ef57f5dd7500ff79d929d7f62c639937a111bfaacacf30e6dd14418a6fb44314e4bd0f3366ecbf364aef8b5d95ef02"
operation = "840100781a736368656d615f6669656c645f646566696e6974696f6e5f7631a2646e616d656974696d657374616d70647479706563696e74"

[[commits]]
entry_hash = "002048de60bb7ef5a1e88b7b7b32da976cef927d083afb4132cbe631beb47ccb293b"
entry = "00297dce21fd3b4bd1e5ad3a557fd8ae617d3a72a75cada02abfdf7a96ee9fa17a0401f8fa002017a85220d1bf04e3163ec02866402a0471ee232189899282e6b1da2f8b4cfb82ddae348b3ba2732c4b430ce34d4335e75fd8bb3c0ff6faf30d930a90e0edc1432b03fddd08fd754dab657159a02f6e416308fb2f297b563087b0e10b83070908"
operation = "84010074736368656d615f646566696e6974696f6e5f7631a36b6465736372697074696f6e782a412067617264656e20776865726520706c616e747320616e6420616e696d616c732063616e206c697665666669656c64738481582200203b6a82109119239e229acd9ee6b6b282f6d7564c120528d7a55d6166700a99da81582200209cb0417e14e151fc716924403d4fb294655394408b3e2b1eeeddb31617a762478158220020d6e011d8ca372186d73c64ac3cc239300bfd357d3541d752c8e577ea49650ef88158220020a6dbbf5799ae4372cfaca415ab72c17551e52230a718a1712dc953ea45f2c4bf646e616d656767617264656e73"

[[commits]]
entry_hash = "0020255abafcbc52b400f1cb5463d457a1b7267e0049b59175af4a102b3c64d1c5f1"
entry = "00297dce21fd3b4bd1e5ad3a557fd8ae617d3a72a75cada02abfdf7a96ee9fa17a05013a002022994afb85681d52705a2b77a286922848d0cfb9f875226a3213d3dd4fc70eceeb8c36e21b68cfff0ea9c341477f94081a191f236732e26cfc48300f093bb4a9704c25007f5c32e7807bac5d3ef339facfe0e3a31ce36f7f55dce6eebd43e001"
operation = "840100781a736368656d615f6669656c645f646566696e6974696f6e5f7631a2646e616d656b6465736372697074696f6e647479706563737472"

[[commits]]
entry_hash = "002051dbd64b8ce15a8a0fce5b1eb7faf39585d1e8e377185404ead7bfb82d7cdd5c"
entry = "00297dce21fd3b4bd1e5ad3a557fd8ae617d3a72a75cada02abfdf7a96ee9fa17a0601400020b218ed8c1ec161610c5a5a5713d30d6ae36986df83320eeb2b287be14a83a19305fbaf0e9bd17bd191aad4b037540bd246d6b99c449cbc8450d4b3d17b197ec3ca5f978ebf978ae643bfb00acb4efa9f2770c84cf008184458e8c20c757d580e"
operation = "840100781a736368656d615f6669656c645f646566696e6974696f6e5f7631a2646e616d6563696d6764747970657172656c6174696f6e28626c6f625f763129"

[[commits]]
entry_hash = "00202822a7c2b4a33d793b8e0e1de402a6cd008740f870e34b60b70a6a84fef01fab"
entry = "00297dce21fd3b4bd1e5ad3a557fd8ae617d3a72a75cada02abfdf7a96ee9fa17a0701380020be928216bfac0ec773fcf04b58fe5e9605ae65214a9a1334ea0aba5199d475f2f9ad9212a61f2b407a23966843708304bb545ff3e861d7ebf156475281613910a930c0e8b51e2e31c1690eb39ca13b2b62c01f6d9d22aaac7bbd967918dc3606"
operation = "840100781a736368656d615f6669656c645f646566696e6974696f6e5f7631a2646e616d656974696d657374616d70647479706563696e74"

[[commits]]
entry_hash = "00201215a0932e2ae043620979e5b0cde2522e8e6279a3efa5955491e8ad5796d655"
entry = "00297dce21fd3b4bd1e5ad3a557fd8ae617d3a72a75cada02abfdf7a96ee9fa17a0801de002008de074aa071a38b3c94ffaebc90a9a4f6ca973a233f2b019707b8203b6f77ea642ac33e7c736c7c64a64700316e117443ac7fe73b4e6b80c85c0ee4f2c9760937ece3d9173aa349332d667b6c96ceacbbc61d02e880a952480e5c0dc410020e"
operation = "84010074736368656d615f646566696e6974696f6e5f7631a36b6465736372697074696f6e7833412073707269746520746861742063616e20626520706c61636564206f6e20612074696c6520696e207468652067617264656e666669656c6473838158220020255abafcbc52b400f1cb5463d457a1b7267e0049b59175af4a102b3c64d1c5f1815822002051dbd64b8ce15a8a0fce5b1eb7faf39585d1e8e377185404ead7bfb82d7cdd5c81582200202822a7c2b4a33d793b8e0e1de402a6cd008740f870e34b60b70a6a84fef01fab646e616d656773707269746573"

[[commits]]
entry_hash = "0020f43be36abd57936a6051dfde5c66a04cd410fa28f8728218be31c8f807b66116"
entry = "00297dce21fd3b4bd1e5ad3a557fd8ae617d3a72a75cada02abfdf7a96ee9fa17a090189002007436e918e447fb6725bd01d3dcce7cb537c70c88f370da42e718679e23e1788db611204f44b09e59cb815de5c2b18c4c7414925662012c406be1cb2b1d25b76e51e857445a9bef2f82a486c14324c16cd6bafb75c216b486b13cbe74e9f1b0b"
operation = "840100781a736368656d615f6669656c645f646566696e6974696f6e5f7631a2646e616d656667617264656e6474797065785672656c6174696f6e2867617264656e735f303032303438646536306262376566356131653838623762376233326461393736636566393237643038336166623431333263626536333162656234376363623239336229"

[[commits]]
entry_hash = "00204c25f48de9370dbb8d55dade0a7f95d4111e5afc29ebc1dd39ef7bc4afb9a4e8"
entry = "00297dce21fd3b4bd1e5ad3a557fd8ae617d3a72a75cada02abfdf7a96ee9fa17a0a01340020377bc96bc90c8782e0d1948036dc3fa53021f3c988783152903cab53403afe875f2e81c968643427c368539d557d9ab6a590f6a81ed9a117f8ae9c02c6283cfbd6f3a6340ae267fa4c9a2cbc13637d48b6d606042b26447c9a2c87f6c113390b"
operation = "840100781a736368656d615f6669656c645f646566696e6974696f6e5f7631a2646e616d6565706f735f78647479706563696e74"

[[commits]]
entry_hash = "00203a855d7b80969234b21b97bbf3151a814f8dccc475a20d17d954226922cadc6d"
entry = "00297dce21fd3b4bd1e5ad3a557fd8ae617d3a72a75cada02abfdf7a96ee9fa17a0b013400208e363c232e59a41a011935b780cce7d37b89aa908f9da0aea88a541d1597ada386a1ddf8607f52cc023c521acfdb0de98656d5f5e869dcd45057837517a96288dde14370fc788c5e385c88cd23e9b4f775ea9ceff9dc5fe44005fb6914e6d90a"
operation = "840100781a736368656d615f6669656c645f646566696e6974696f6e5f7631a2646e616d6565706f735f79647479706563696e74"

[[commits]]
entry_hash = "00207bf51dd7ad5d3bab42aa43417108b9f999b3410d447bcceade06283286f5b45a"
entry = "00297dce21fd3b4bd1e5ad3a557fd8ae617d3a72a75cada02abfdf7a96ee9fa17a0c0190002000eca9a8effb764cab554fed1e31275c5b312dd523b59c67cfa4de01e248577798e9b2564098331844d3ce91826ed7b70f11512de2772e0fa824f7dd5434d3d0a8879a05c2849c19145334b28238ce815c817184d9ad49533fd615080b5a7c0a"
operation = "840100781a736368656d615f6669656c645f646566696e6974696f6e5f7631a2646e616d65667370726974656474797065785d70696e6e65645f72656c6174696f6e28737072697465735f303032303132313561303933326532616530343336323039373965356230636465323532326538653632373961336566613539353534393165386164353739366436353529"

[[commits]]
entry_hash = "002031016652cc4b52cb1509c3c7baa49ac4a5ca0e01c9d2566342e115bfd3102488"
entry = "00297dce21fd3b4bd1e5ad3a557fd8ae617d3a72a75cada02abfdf7a96ee9fa17a0d01380020be928216bfac0ec773fcf04b58fe5e9605ae65214a9a1334ea0aba5199d475f2be17faab0f4c10ec4540e08faccb4109db0e7e77a5f1fbd0e794619c5dcb7ad50a1d0f51bf2fadaf12f2a13f5acc71d5cd54feb7197e2dc0d048de11c0341a0f"
operation = "840100781a736368656d615f6669656c645f646566696e6974696f6e5f7631a2646e616d656974696d657374616d70647479706563696e74"

[[commits]]
entry_hash = "0020c1b8203a112c4184bed03a8781fbfc9562bbc46cb92a88592b91e34648709c60"
entry = "00297dce21fd3b4bd1e5ad3a557fd8ae617d3a72a75cada02abfdf7a96ee9fa17a0e01f901230020a6c7264115841bcb0d228e59bf6419545250a1f6fdaeba8f7739b18c4f14aba42d610abeb40adad948638572b3df54ff224f0d08c675a7437014f4348a1dba8255cef7d0e22ee2374f99fa73198d646ea87673e9fd5060560ace89ea2761be01"
operation = "84010074736368656d615f646566696e6974696f6e5f7631a36b6465736372697074696f6e7830412073696e676c652074696c6520696e207468652067617264656e206f63637570696564206279206120737072697465666669656c6473858158220020f43be36abd57936a6051dfde5c66a04cd410fa28f8728218be31c8f807b6611681582200204c25f48de9370dbb8d55dade0a7f95d4111e5afc29ebc1dd39ef7bc4afb9a4e881582200203a855d7b80969234b21b97bbf3151a814f8dccc475a20d17d954226922cadc6d81582200207bf51dd7ad5d3bab42aa43417108b9f999b3410d447bcceade06283286f5b45a815822002031016652cc4b52cb1509c3c7baa49ac4a5ca0e01c9d2566342e115bfd3102488646e616d656574696c6573"
