# This file is automatically generated by fishy.
# It is not intended for manual editing.

version = 1

[[commits]]
entry_hash = "00209d145be9f66ce66190f57df9060dfaa379c006e393aa656ce8e99310b3c5ea90"
entry = "0064da080a25526faa48e9ca6a143d9e2ea1ca0d49e96403ae0f7c6650b465c9e0000135002001acb8c2b722ab91d2badf2e4890761fda467d8326063b21198d5df28bcb8973fc0a3eb52146aadcfe4d3417f717c99bab084d8953e6e61006d3f8c943e1e9ecab12236af1fde4293f9b5be6d84a843490d1a257b96ff40aa1e9222fa4594309"
operation = "840100781a736368656d615f6669656c645f646566696e6974696f6e5f7631a2646e616d6566686569676874647479706563696e74"

[[commits]]
entry_hash = "002022b0d54f5ef9605441083b15a3c198eab0a73ba7e4845ffccf1203f9990387af"
entry = "0064da080a25526faa48e9ca6a143d9e2ea1ca0d49e96403ae0f7c6650b465c9e00101330020d71ccd9dd038adefad3260a41223e484edbc32e5c96b41df467c36bbd8c1d84ba4c53411de6175a3f4598396eca4dfc5bb8ed1dd337591751b21f709c7013d4b912b319a636cfc3e915fcfcadca9beda95c2a66d0e0bf479c5082ead57b2f907"
operation = "840100781a736368656d615f6669656c645f646566696e6974696f6e5f7631a2646e616d65646e616d65647479706563737472"

[[commits]]
entry_hash = "00202e966a029a8c48a659a9249c73620ee687ad9fbab41dcd582a887d638315f1b1"
entry = "0064da080a25526faa48e9ca6a143d9e2ea1ca0d49e96403ae0f7c6650b465c9e00201340020e41efbf3e5e51edbdff4b10e6a2c0671fe9d36ad55b9de14c3e4fc06bdb101858afb72c5cbc4615c6e5390b90638f8253f9247146e6c3dcc48c5f20c1865d041b9227b819336164061e837f70cab6f2a9a15d1e67b7bf1fc4892f32b0e5bba06"
operation = "840100781a736368656d615f6669656c645f646566696e6974696f6e5f7631a2646e616d65657769647468647479706563696e74"

[[commits]]
entry_hash = "0020a01f72a5f28f6a559b4942e3525de2bb2413d05897526fe2250e3b57384983a2"
entry = "0064da080a25526faa48e9ca6a143d9e2ea1ca0d49e96403ae0f7c6650b465c9e00301f901320020f7df2cbf42c3ad7f1c054993ad445354d7b38c4d0e209ef1a959f579d784868e708a4e12069a3b91fe4e482d038f7f135137446343312029f7374cec56f2d350b015ecd1ba66860db83b9c8dd5a48deeb702779dbba954c71a766f8feb56590f"
operation = "84010074736368656d615f646566696e6974696f6e5f7631a36b6465736372697074696f6e7822412067617264656e20776865726520706c616e74732063616e2062652067726f776e666669656c647383817844303032303964313435626539663636636536363139306635376466393036306466616133373963303036653339336161363536636538653939333130623363356561393081784430303230323262306435346635656639363035343431303833623135613363313938656162306137336261376534383435666663636631323033663939393033383761668178443030323032653936366130323961386334386136353961393234396337333632306565363837616439666261623431646364353832613838376436333833313566316231646e616d656667617264656e"

[[commits]]
entry_hash = "0020451dfe4f18820ebd8067d92ec9cd4fcb2730d5f1c648cea9e2d307a832a31020"
entry = "0064da080a25526faa48e9ca6a143d9e2ea1ca0d49e96403ae0f7c6650b465c9e00401880020756a79407f15a2690dee353d063dd949a449e3ee00bc13a98a996b45d98caca85e2d5611cee2ac83aefacc1ca988a71191d200ba7f495ddfc8352b51078431e7e2e9618f15eb5bc183a6488c893113cbcc541032436c4060114a4b381b6ee50e"
operation = "840100781a736368656d615f6669656c645f646566696e6974696f6e5f7631a2646e616d656667617264656e6474797065785572656c6174696f6e2867617264656e5f303032306130316637326135663238663661353539623439343265333532356465326262323431336430353839373532366665323235306533623537333834393833613229"

[[commits]]
entry_hash = "0020b008efaf61ace5a1c718bf0b7d24ffbd2e47b423f123126bc969877980e6fa49"
entry = "0064da080a25526faa48e9ca6a143d9e2ea1ca0d49e96403ae0f7c6650b465c9e005013900209afaab93a5a30fec56174b80baed60364e781b02c49ee0b6a524f47e2e999075f32648558a37d7693ee4356edc5fbf77e0083d4c0ae60337c8b08220c15104982f4c6be1bd217334b81064db174d7d21e1d7269ec36dd7c31979dca5b32f3209"
operation = "840100781a736368656d615f6669656c645f646566696e6974696f6e5f7631a2646e616d656a706c616e7465645f6174647479706563696e74"

[[commits]]
entry_hash = "00204627a6a8a2bace2d3e93999d7b4e801bef667b03005a726fbb2d97aee34d3e0f"
entry = "0064da080a25526faa48e9ca6a143d9e2ea1ca0d49e96403ae0f7c6650b465c9e00601340020377bc96bc90c8782e0d1948036dc3fa53021f3c988783152903cab53403afe876ef7b5c1554c089b1cfc80c6f68e623ad60b6a0b18aa7170160b8c9b224559ffef3dc0667b6ba5b4e4717ac45d28c0b1aae2549530528156fdbf673631ca000f"
operation = "840100781a736368656d615f6669656c645f646566696e6974696f6e5f7631a2646e616d6565706f735f78647479706563696e74"

[[commits]]
entry_hash = "0020627025a6e12eef0fe4760b6d6033815378238f430a7fb1fc8b3cbefefa222a2c"
entry = "0064da080a25526faa48e9ca6a143d9e2ea1ca0d49e96403ae0f7c6650b465c9e007013400208e363c232e59a41a011935b780cce7d37b89aa908f9da0aea88a541d1597ada3f99f5bd5044925ad7f7e31ffdf0aa48469ddeb262887077d2056c98e67b73fdebe27813603fad527a16315db47c80ee28ab5d980709a3441742de1932dde6507"
operation = "840100781a736368656d615f6669656c645f646566696e6974696f6e5f7631a2646e616d6565706f735f79647479706563696e74"

[[commits]]
entry_hash = "00203014793b1fbc8057e1eb8487c7d5f2f0a09769a027ee0dcd253385f02c1e8a93"
entry = "0064da080a25526faa48e9ca6a143d9e2ea1ca0d49e96403ae0f7c6650b465c9e00801330020d71ccd9dd038adefad3260a41223e484edbc32e5c96b41df467c36bbd8c1d84bc185edba5b142f8a3a9bfaab90895e028b7065f909f35d7f30a3ae3f2776d15d9cab8e75950a8485f5650459f665af8680cdc496a1e5f777990177ebc74b250b"
operation = "840100781a736368656d615f6669656c645f646566696e6974696f6e5f7631a2646e616d65646e616d65647479706563737472"

[[commits]]
entry_hash = "00206ffcfc3342d98597df27f4c723ffb92936e27bbd38311a2d69f13ace4842db39"
entry = "0064da080a25526faa48e9ca6a143d9e2ea1ca0d49e96403ae0f7c6650b465c9e009013600208b7f2825c96d14b07332d30291c819573dcf3136156784ac9a7bf0d7ee7e0dfea66c0185ac4e466e7186bb1bb99be1da911d23ed03f4e5eb9307d20f63d72970b064df57d34798f9e036b6404b7571ef361a9e668cfa7cc1fd9036c5aafe1b06"
operation = "840100781a736368656d615f6669656c645f646566696e6974696f6e5f7631a2646e616d65677665635f696d67647479706563737472"

[[commits]]
entry_hash = "0020c0fadc793bc5ed7b780e0ef5df6777b1a51d454aee0061d28581d728d733002f"
entry = "0064da080a25526faa48e9ca6a143d9e2ea1ca0d49e96403ae0f7c6650b465c9e00a01f8f80020a1df79ba7ed094042261b0159676902cebc0f0407ff0405c7c9cede3d6cdccc4dc10371e636e60aafee4adae10d736b6d8bc117e8173f262be72e309dfe72e5270c9c877afe98b8b0f147c69b75ffc5b71d6a08544d04fe5ccea41721cd9060a"
operation = "84010074736368656d615f646566696e6974696f6e5f7631a36b6465736372697074696f6e782e5468652073706563696573206f66206120706c616e742077686963682067726f777320696e20612067617264656e666669656c64738281784430303230333031343739336231666263383035376531656238343837633764356632663061303937363961303237656530646364323533333835663032633165386139338178443030323036666663666333333432643938353937646632376634633732336666623932393336653237626264333833313161326436396631336163653438343264623339646e616d656773706563696573"

[[commits]]
entry_hash = "0020aac54012c5d429e88c9ced4feed9047bcb58bfc8650812d9268b795b5dd89933"
entry = "0064da080a25526faa48e9ca6a143d9e2ea1ca0d49e96403ae0f7c6650b465c9e00b01910020272199e6287e818ba25bc21c8c62235f22c28dac0e03fa67688b2019c678fdd608bb330d0e0c4890e3d7ed8cec3119333bc3542d92f7f6bc52e1012014b79c00c563b40990eeacbd0666a151b75f397b6541aac3e92d0ff0884b807d904e990a"
operation = "840100781a736368656d615f6669656c645f646566696e6974696f6e5f7631a2646e616d6567737065636965736474797065785d70696e6e65645f72656c6174696f6e28737065636965735f303032306330666164633739336263356564376237383065306566356466363737376231613531643435346165653030363164323835383164373238643733333030326629"

[[commits]]
entry_hash = "0020c11ab63099193a8c8516cc00f88bfc8cdd657b94a99fef2fce86aaaede84f87d"
entry = "0064da080a25526faa48e9ca6a143d9e2ea1ca0d49e96403ae0f7c6650b465c9e00c01f901bc0020390d35763a436a3b146b5598ca3e5f5f098bd6378828e97babc1ded00c9862fc9926f7f7fed1503de0ba2ae46eb9efc1f3e96c4cdc153a871f347780d972c401bfa3fb2ba51b2ee34e0b835fbcff5b297920eaa3fdee23c7097d5c6964084905"
operation = "84010074736368656d615f646566696e6974696f6e5f7631a36b6465736372697074696f6e781f4120706c616e742077686963682067726f777320696e20612067617264656e666669656c64738581784430303230343531646665346631383832306562643830363764393265633963643466636232373330643566316336343863656139653264333037613833326133313032308178443030323062303038656661663631616365356131633731386266306237643234666662643265343762343233663132333132366263393639383737393830653666613439817844303032303436323761366138613262616365326433653933393939643762346538303162656636363762303330303561373236666262326439376165653334643365306681784430303230363237303235613665313265656630666534373630623664363033333831353337383233386634333061376662316663386233636265666566613232326132638178443030323061616335343031326335643432396538386339636564346665656439303437626362353862666338363530383132643932363862373935623564643839393333646e616d6565706c616e74"
