# This file is automatically generated by fishy.
# It is not intended for manual editing.

version = 1

[[commits]]
entry_hash = "0020d9d220dedd5273efdac4ba35de09707e61b3a2e2d5af4bfefbb313ead97044bb"
entry = "00f81e7be3db06e866347e71b2a350a7a87611de33472af9778a387ca70a037d97000135002001acb8c2b722ab91d2badf2e4890761fda467d8326063b21198d5df28bcb8973cb24302ea34921aa0208779eace4ab04739f5f41eec855065d0549eee3a2ce1607afe221c4056f06125dd3d7783e39f210bfbe0c4b1dc1deb1d9abe94de0ff03"
operation = "840100781a736368656d615f6669656c645f646566696e6974696f6e5f7631a2646e616d6566686569676874647479706563696e74"

[[commits]]
entry_hash = "0020806d07a5437ab48bd0f2ff4ae4378472f6f10b277e09904dbd468a621434a3f8"
entry = "00f81e7be3db06e866347e71b2a350a7a87611de33472af9778a387ca70a037d970101330020d71ccd9dd038adefad3260a41223e484edbc32e5c96b41df467c36bbd8c1d84b162edb66884b01b233ce88b8b7dadd7a0667e2c451073321618412912471fd0fee56761cc5b8efe7381a04a57e7ab7729b3ab53e1f93c3dee28ce4cbe5102405"
operation = "840100781a736368656d615f6669656c645f646566696e6974696f6e5f7631a2646e616d65646e616d65647479706563737472"

[[commits]]
entry_hash = "002093e405b8c958c6246f1954abb4aed662e4555afb4bbd0b90c022a72d9d55492d"
entry = "00f81e7be3db06e866347e71b2a350a7a87611de33472af9778a387ca70a037d970201340020e41efbf3e5e51edbdff4b10e6a2c0671fe9d36ad55b9de14c3e4fc06bdb10185b1a6c9771099a6e05c4551c2c0a91417606213f3b24783f7973a4f7a13200f5003a3bf30dcb705b807c1102db5d4b463cf5e52a1f050c7c5c64c88fc199dd40e"
operation = "840100781a736368656d615f6669656c645f646566696e6974696f6e5f7631a2646e616d65657769647468647479706563696e74"

[[commits]]
entry_hash = "0020286e0fe57400f7974eb5c12300c5eb3bc9f5b633c0a0764209f42e4c6a7d7815"
entry = "00f81e7be3db06e866347e71b2a350a7a87611de33472af9778a387ca70a037d970301cc0020806c4a2a0decd65d2e54d0a21b869b7b44ec4edbd0be4f625d77c8d7b8380cc2c03ea84bf4157d88cbbb5750d6fa3e900d70d9c5f25155a178f6e40539817f5ea7b074d35bdc6b927eb84fdb60c4dc7ec72b97195ae04fb05fb272484094e005"
operation = "84010074736368656d615f646566696e6974696f6e5f7631a36b6465736372697074696f6e7822412067617264656e20776865726520706c616e74732063616e2062652067726f776e666669656c6473838158220020d9d220dedd5273efdac4ba35de09707e61b3a2e2d5af4bfefbb313ead97044bb8158220020806d07a5437ab48bd0f2ff4ae4378472f6f10b277e09904dbd468a621434a3f8815822002093e405b8c958c6246f1954abb4aed662e4555afb4bbd0b90c022a72d9d55492d646e616d656667617264656e"

[[commits]]
entry_hash = "0020a7a24da0918740857252a40029ebf9fc0f0c7b9489032d442e3fbee4459220be"
entry = "00f81e7be3db06e866347e71b2a350a7a87611de33472af9778a387ca70a037d970401330020d71ccd9dd038adefad3260a41223e484edbc32e5c96b41df467c36bbd8c1d84b7cfeacec78b0ac6282a48912daa692dd0038c6864eed9aad47817731b5cdc2a79f05867371087ce2092eadbece7d37a9c0ee84329030d4b470f1514c6eac320c"
operation = "840100781a736368656d615f6669656c645f646566696e6974696f6e5f7631a2646e616d65646e616d65647479706563737472"

[[commits]]
entry_hash = "0020ff69fde51c7a5010261da5b58e85dd4015ce0850b5a5f63ffb5322ac6119b20b"
entry = "00f81e7be3db06e866347e71b2a350a7a87611de33472af9778a387ca70a037d9705013600208b7f2825c96d14b07332d30291c819573dcf3136156784ac9a7bf0d7ee7e0dfee672506eb8497d42f729777c8bdac2689798103df40feeba220123d2130b1c688927504244adbf3a50fd6f49aeffde14fe232d9b95773c09b788238d246dea08"
operation = "840100781a736368656d615f6669656c645f646566696e6974696f6e5f7631a2646e616d65677665635f696d67647479706563737472"

[[commits]]
entry_hash = "0020cd82879cc1a03ee500f07d2ad23214dced368531e0c9861cbda203718c05b159"
entry = "00f81e7be3db06e866347e71b2a350a7a87611de33472af9778a387ca70a037d970601b400205c5a74177bed97ec7797244df394ca52b305ee464d00f30dbc0935c690f83cbe0778077bb15d1f8070df55bb4faa92c9cece32ef880244cf11b7d46a1b848039bc0decf30b57122a467308a933deefcf2d38e59a0feab6c5b06df93114976009"
operation = "84010074736368656d615f646566696e6974696f6e5f7631a36b6465736372697074696f6e782e5468652073706563696573206f66206120706c616e742077686963682067726f777320696e20612067617264656e666669656c6473828158220020a7a24da0918740857252a40029ebf9fc0f0c7b9489032d442e3fbee4459220be8158220020ff69fde51c7a5010261da5b58e85dd4015ce0850b5a5f63ffb5322ac6119b20b646e616d656773706563696573"

[[commits]]
entry_hash = "0020900bf02e1fc7620d5caac4734a9fc24ee183d6e72f2f00afd509f50ea9389c56"
entry = "00f81e7be3db06e866347e71b2a350a7a87611de33472af9778a387ca70a037d9707018800203c4195d95f3663c7382565fae131eb1f1d017d7f2757397194736a7956ed7115936288d526deaada4d1d90fb28721e01f73a64bb1d318f95c0399c38fa8267ceaae2f587e53eed8ebd0617344eea0fe6b225a7ece3d65f91a45a0ff292cc7707"
operation = "840100781a736368656d615f6669656c645f646566696e6974696f6e5f7631a2646e616d656667617264656e6474797065785572656c6174696f6e2867617264656e5f303032303238366530666535373430306637393734656235633132333030633565623362633966356236333363306130373634323039663432653463366137643738313529"

[[commits]]
entry_hash = "00200f84f2afbe967a2db0b12f1133185c58186a40eac43956f5cc823305f5942992"
entry = "00f81e7be3db06e866347e71b2a350a7a87611de33472af9778a387ca70a037d9708013900209afaab93a5a30fec56174b80baed60364e781b02c49ee0b6a524f47e2e99907526c8e1c6871639dd52fc95e20798a9054362789d84b8c362e8b05ed7ac6c8aa96e1b56b4524c7e329727a2b994695f3f71dc1e21f98f3c26552d620767bfb202"
operation = "840100781a736368656d615f6669656c645f646566696e6974696f6e5f7631a2646e616d656a706c616e7465645f6174647479706563696e74"

[[commits]]
entry_hash = "00209b81aa4a756889d7effa829e11eafdf588c52b5cfae93da3df9714359576a968"
entry = "00f81e7be3db06e866347e71b2a350a7a87611de33472af9778a387ca70a037d970901340020377bc96bc90c8782e0d1948036dc3fa53021f3c988783152903cab53403afe87285f63f59bc764af4ffe0dc5276c38849da994d73af03b22b14c0da505ace60685eb7538b953d5ea950de922b1ac539a4969319ff616c273ea3afb5968b05b0c"
operation = "840100781a736368656d615f6669656c645f646566696e6974696f6e5f7631a2646e616d6565706f735f78647479706563696e74"

[[commits]]
entry_hash = "0020d469d3ccd4e7960ea027be41932aba954497596c9b0155be53468d8b1a5fa7fb"
entry = "00f81e7be3db06e866347e71b2a350a7a87611de33472af9778a387ca70a037d970a013400208e363c232e59a41a011935b780cce7d37b89aa908f9da0aea88a541d1597ada3bcc279f35f4aa2edf0c6637120dda1554e058755a8d0289c89169138fe9659a1659985fae8209a9fcd481b497a7ba8243e8fa78d1313c6f70f76d24a3498f500"
operation = "840100781a736368656d615f6669656c645f646566696e6974696f6e5f7631a2646e616d6565706f735f79647479706563696e74"

[[commits]]
entry_hash = "0020e28b33e4dc7a4dbcf541e44c6e17401e0ea2fb6842da7379b193a81d09fe0e25"
entry = "00f81e7be3db06e866347e71b2a350a7a87611de33472af9778a387ca70a037d970b019100203525c67332436d783829e30b932d97a3eb7dddd3fa081f48c56ae91c6218dc5546d1f8e5eb92f287bb84c117b02e245d2b5d79588b28340fbabc67d4d437a426a883281f610bed5f4775145eff45faff7b89116729d67c01142525460c7d730d"
operation = "840100781a736368656d615f6669656c645f646566696e6974696f6e5f7631a2646e616d6567737065636965736474797065785d70696e6e65645f72656c6174696f6e28737065636965735f303032306364383238373963633161303365653530306630376432616432333231346463656433363835333165306339383631636264613230333731386330356231353929"

[[commits]]
entry_hash = "0020d5d98552977c63c95ac02f9ac0e123bde514c4e2be69a2a6cc18fa47b773a2fb"
entry = "00f81e7be3db06e866347e71b2a350a7a87611de33472af9778a387ca70a037d970c01f90112002053f361330d2962b3d8cabda708b3e3832e5c7fdc4e8576231dc428b70581571acefa0339486d65937945b1f56757a146814065b76ba60e6f20c68992824fee0882381003b12d022cc7be29f84397baf7717b7794adf11e570438a2b63e835b09"
operation = "84010074736368656d615f646566696e6974696f6e5f7631a36b6465736372697074696f6e781f4120706c616e742077686963682067726f777320696e20612067617264656e666669656c6473858158220020900bf02e1fc7620d5caac4734a9fc24ee183d6e72f2f00afd509f50ea9389c5681582200200f84f2afbe967a2db0b12f1133185c58186a40eac43956f5cc823305f594299281582200209b81aa4a756889d7effa829e11eafdf588c52b5cfae93da3df9714359576a9688158220020d469d3ccd4e7960ea027be41932aba954497596c9b0155be53468d8b1a5fa7fb8158220020e28b33e4dc7a4dbcf541e44c6e17401e0ea2fb6842da7379b193a81d09fe0e25646e616d6565706c616e74"
