# This file is automatically generated by fishy.
# It is not intended for manual editing.

version = 1

[[commits]]
entry_hash = "00208b99694387c0d55d1ad153415d8a1170287fb9a2ebe6ec1c00cb8fdd0ee55598"
entry = "00f81e7be3db06e866347e71b2a350a7a87611de33472af9778a387ca70a037d970001400020b218ed8c1ec161610c5a5a5713d30d6ae36986df83320eeb2b287be14a83a1932853b7b304681c9b964ee806a44127ea833610f236eba73f42db520b46b82a0c089ab23944287ce77110b49bd37dd0a51df2df8a37a5812d1744bde002223704"
operation = "840100781a736368656d615f6669656c645f646566696e6974696f6e5f7631a2646e616d6563696d6764747970657172656c6174696f6e28626c6f625f763129"

[[commits]]
entry_hash = "0020bbe934cff0c2b552885f6f718f934998487d4091078c23a2c137cc065be93527"
entry = "00f81e7be3db06e866347e71b2a350a7a87611de33472af9778a387ca70a037d9701018f0020755fa36c8f56e4b4d6c2a4b2ae5935ce0a8c2593f42f6f2c6732efcaec4db63659072b7c0a2997f2e95414bf995ee3a2885e7185f6b228c8ead548fca47299978799ff3b93c332bfba0c694179f0f357c637d29a8eef7138eb809ff09322a507"
operation = "84010074736368656d615f646566696e6974696f6e5f7631a36b6465736372697074696f6e782e5468652073706563696573206f66206120706c616e742077686963682067726f777320696e20612067617264656e666669656c64738181582200208b99694387c0d55d1ad153415d8a1170287fb9a2ebe6ec1c00cb8fdd0ee55598646e616d656773706563696573"

[[commits]]
entry_hash = "00209578cd2371d87e8f920f8d6c60376cae25bb9639d72c32b003bcac78d1cb4982"
entry = "00f81e7be3db06e866347e71b2a350a7a87611de33472af9778a387ca70a037d97020135002001acb8c2b722ab91d2badf2e4890761fda467d8326063b21198d5df28bcb897374cead8aff75bab60a69873f2f2c3ce7d3e2c931c80c85290dbcb28d7fff5a8455e4fde101ba0b2c04f32b3d220a8f421ad81d4ebdaf37c0bdbb1af3ff13660f"
operation = "840100781a736368656d615f6669656c645f646566696e6974696f6e5f7631a2646e616d6566686569676874647479706563696e74"

[[commits]]
entry_hash = "00206d8d718300f35d8119f22dd8934ed5c2fbec2d562fdf2561acd44741334f5d02"
entry = "00f81e7be3db06e866347e71b2a350a7a87611de33472af9778a387ca70a037d970301330020d71ccd9dd038adefad3260a41223e484edbc32e5c96b41df467c36bbd8c1d84b927a02feb3bc4d07940de5fc36a230be28595c4bb2b256ea45e41536b43a60ae40ee1eacfc4ead6badbcadaf4a3baf263653af6beec4b267b305ce3c545ab702"
operation = "840100781a736368656d615f6669656c645f646566696e6974696f6e5f7631a2646e616d65646e616d65647479706563737472"

[[commits]]
entry_hash = "0020651da8acb0e1a53f9e50a16856d903c422c3053e590eb84f86b832c48bf19b81"
entry = "00f81e7be3db06e866347e71b2a350a7a87611de33472af9778a387ca70a037d970401340020e41efbf3e5e51edbdff4b10e6a2c0671fe9d36ad55b9de14c3e4fc06bdb10185b76e509d5cfb0e7b193ae01ee8a75bc8783f372d2ed701e3f0776d073f9ceb8abac009d585d557e5bb56513172ddf3df932595ee54ac05923919d2031384c704"
operation = "840100781a736368656d615f6669656c645f646566696e6974696f6e5f7631a2646e616d65657769647468647479706563696e74"

[[commits]]
entry_hash = "00200a4d753b6cc6c0e8de7b3bcac1cff774a1448cc098b93c9defa0e4043bc80250"
entry = "00f81e7be3db06e866347e71b2a350a7a87611de33472af9778a387ca70a037d970501cc0020e81f23d7f78cf28078f80c6acdfa78494602229c7beefefde7813f73743ab0df66b6eed423ff422588069044ba4cd2a87298320028e920386035a4d23ebf30ce2ac8e23be1f76551b3d23ef3f97b60483fad95291054912e7e8f72a00c354a0c"
operation = "84010074736368656d615f646566696e6974696f6e5f7631a36b6465736372697074696f6e7822412067617264656e20776865726520706c616e74732063616e2062652067726f776e666669656c64738381582200209578cd2371d87e8f920f8d6c60376cae25bb9639d72c32b003bcac78d1cb498281582200206d8d718300f35d8119f22dd8934ed5c2fbec2d562fdf2561acd44741334f5d028158220020651da8acb0e1a53f9e50a16856d903c422c3053e590eb84f86b832c48bf19b81646e616d656667617264656e"

[[commits]]
entry_hash = "00204f57517cc317d4007bbf84469ad8e7cca26b4014a1bd99271835313218e8e3ca"
entry = "00f81e7be3db06e866347e71b2a350a7a87611de33472af9778a387ca70a037d970601880020a81ed02e6b141f8043ecd50a5c3f64cd2dd3900144822636d63ebf18d832807cd7a690adfc58e33e54ad67b61bc30c1d44beefcc674c9a480cf15547c0158c2047252f78056c2a0b81f94d50a7c4ecd010963339bcdf01c52ba7e7177b97030a"
operation = "840100781a736368656d615f6669656c645f646566696e6974696f6e5f7631a2646e616d656667617264656e6474797065785572656c6174696f6e2867617264656e5f303032303061346437353362366363366330653864653762336263616331636666373734613134343863633039386239336339646566613065343034336263383032353029"

[[commits]]
entry_hash = "0020a0e2ae9fc56a7235b9cdafb38582a3a5f49a9b7a6d3aff0be8a43b6e3716134f"
entry = "00f81e7be3db06e866347e71b2a350a7a87611de33472af9778a387ca70a037d970701340020975d69b6d7a783c1a49c09e406a055d0c6490969b97e2ca22ffa0ac02171ca494bc6ea14e5bbeeb72a8e3768315e54fc6bd1e0d6a20506996af5e969356d0061af5a594ef3d7eec69ab1bce6ec2d9ebb93878217a1d018d2ffd6d6fb59ea9102"
operation = "840100781a736368656d615f6669656c645f646566696e6974696f6e5f7631a2646e616d6565696e646578647479706563696e74"

[[commits]]
entry_hash = "00200f84f2afbe967a2db0b12f1133185c58186a40eac43956f5cc823305f5942992"
entry = "00f81e7be3db06e866347e71b2a350a7a87611de33472af9778a387ca70a037d9708013900209afaab93a5a30fec56174b80baed60364e781b02c49ee0b6a524f47e2e99907526c8e1c6871639dd52fc95e20798a9054362789d84b8c362e8b05ed7ac6c8aa96e1b56b4524c7e329727a2b994695f3f71dc1e21f98f3c26552d620767bfb202"
operation = "840100781a736368656d615f6669656c645f646566696e6974696f6e5f7631a2646e616d656a706c616e7465645f6174647479706563696e74"

[[commits]]
entry_hash = "0020d4b77699c43af3c0db3f05983c3f91d18a5bf6587849d71c1abe0d07f23fb3cf"
entry = "00f81e7be3db06e866347e71b2a350a7a87611de33472af9778a387ca70a037d970901910020bb97e479da432a2302ce4f20566d2767057da0e991c4bb41b29c593c340fa4965b24f6ac7a0a204e08829a01178af2394cceb50f30a5e218d96e1523dd1016a6727c17541314f87c7a3283e68c7798503671f777b10f00393c8365de39fffe07"
operation = "840100781a736368656d615f6669656c645f646566696e6974696f6e5f7631a2646e616d6567737065636965736474797065785d70696e6e65645f72656c6174696f6e28737065636965735f303032306262653933346366663063326235353238383566366637313866393334393938343837643430393130373863323361326331333763633036356265393335323729"

[[commits]]
entry_hash = "0020f47272fb8fff361df611a6e0ca5355084739bad3c4ef959a8f7fc4d0db53ab5f"
entry = "00f81e7be3db06e866347e71b2a350a7a87611de33472af9778a387ca70a037d970a01ed002097179cb74e9282c8f14078fb99e03a45d66de6addbbd2fcd5370a38715830fc9fd7e9d4a8e11645ada88426efedd10d5a3c40b389edd2b68399f064d1effe0e0a0638cea2b53a8aaccdb49d159a6d5492a8c7a9be3d6309c8d81eccd0deb8f0a"
operation = "84010074736368656d615f646566696e6974696f6e5f7631a36b6465736372697074696f6e781f4120706c616e742077686963682067726f777320696e20612067617264656e666669656c64738481582200204f57517cc317d4007bbf84469ad8e7cca26b4014a1bd99271835313218e8e3ca8158220020a0e2ae9fc56a7235b9cdafb38582a3a5f49a9b7a6d3aff0be8a43b6e3716134f81582200200f84f2afbe967a2db0b12f1133185c58186a40eac43956f5cc823305f59429928158220020d4b77699c43af3c0db3f05983c3f91d18a5bf6587849d71c1abe0d07f23fb3cf646e616d6565706c616e74"
