# This file is automatically generated by fishy.
# It is not intended for manual editing.

version = 1

[[commits]]
entry_hash = "002072b43727be74c0efc0f02997254205a4874062bb089dd56b5336807337fc1e31"
entry = "00297dce21fd3b4bd1e5ad3a557fd8ae617d3a72a75cada02abfdf7a96ee9fa17a000135002001acb8c2b722ab91d2badf2e4890761fda467d8326063b21198d5df28bcb8973108848f6734507fb0704278b3f4e5b9f7afebdbb7ff0604cd5546015ed50d227fce201c83d4ecaaceb9d544f50e90df85f9ad0457a70add050e2608e6d685004"
operation = "840100781a736368656d615f6669656c645f646566696e6974696f6e5f7631a2646e616d6566686569676874647479706563696e74"

[[commits]]
entry_hash = "00209cb0417e14e151fc716924403d4fb294655394408b3e2b1eeeddb31617a76247"
entry = "00297dce21fd3b4bd1e5ad3a557fd8ae617d3a72a75cada02abfdf7a96ee9fa17a0101330020d71ccd9dd038adefad3260a41223e484edbc32e5c96b41df467c36bbd8c1d84b948a682e1fd9a5e6da1d52894d177d4bdb51e1c7aa532fb11106b0f1c35e8de01a2f47ddd0c31cbf884614bb0eb4fbb86682202ed6252e6fc1688a10d734f008"
operation = "840100781a736368656d615f6669656c645f646566696e6974696f6e5f7631a2646e616d65646e616d65647479706563737472"

[[commits]]
entry_hash = "0020b84f61d68d463acc680085ae5832ff9f83fdb8ce9962cbf2e60efdd2b23bb19c"
entry = "00297dce21fd3b4bd1e5ad3a557fd8ae617d3a72a75cada02abfdf7a96ee9fa17a0201340020e41efbf3e5e51edbdff4b10e6a2c0671fe9d36ad55b9de14c3e4fc06bdb10185f86abbdd600f329be44b69c3918cff8015ece9c323fc34491c516903bd1578763ce9dcc803d811d6c2dea0e0802a2599fe66c9ee5e8ed8a162a6ecf9dd0a1e07"
operation = "840100781a736368656d615f6669656c645f646566696e6974696f6e5f7631a2646e616d65657769647468647479706563696e74"

[[commits]]
entry_hash = "002022de5999d938e702e669238bdea7f5f894a81aa6d33bdec227b7054ba6abf68a"
entry = "00297dce21fd3b4bd1e5ad3a557fd8ae617d3a72a75cada02abfdf7a96ee9fa17a0301d40020a42dce05b6614820925ca17829107d8e84ccf63fb33162378c026a0c644531d4e8c61ebf7443a7f105a94c860fd15f140f7558976663a20f35606e9af1c882603f7c7188407248189d513bed48b033e0edb86692e762257e9361b720a62b4005"
operation = "84010074736368656d615f646566696e6974696f6e5f7631a36b6465736372697074696f6e782a412067617264656e20776865726520706c616e747320616e6420616e696d616c732063616e206c697665666669656c647383815822002072b43727be74c0efc0f02997254205a4874062bb089dd56b5336807337fc1e3181582200209cb0417e14e151fc716924403d4fb294655394408b3e2b1eeeddb31617a762478158220020b84f61d68d463acc680085ae5832ff9f83fdb8ce9962cbf2e60efdd2b23bb19c646e616d656667617264656e"

[[commits]]
entry_hash = "002075f3c861d50875df5586ad73b62fda09400b99fbe4763fe5542750b55f485de8"
entry = "00297dce21fd3b4bd1e5ad3a557fd8ae617d3a72a75cada02abfdf7a96ee9fa17a04013a002022994afb85681d52705a2b77a286922848d0cfb9f875226a3213d3dd4fc70ece6f8d0a4ccf7f2904dacfc16990cb8b8f7b3f3ce71b3ca991b196643446a46868061c111a2d9fd9bffaf9420b2e738d1616894d1c0a88f3b20b95de751816540d"
operation = "840100781a736368656d615f6669656c645f646566696e6974696f6e5f7631a2646e616d656b6465736372697074696f6e647479706563737472"

[[commits]]
entry_hash = "00203d9ef7a21b70da66d15eead4544335939e7eac3b210cd78489cae857ef9a5a53"
entry = "00297dce21fd3b4bd1e5ad3a557fd8ae617d3a72a75cada02abfdf7a96ee9fa17a0501400020b218ed8c1ec161610c5a5a5713d30d6ae36986df83320eeb2b287be14a83a193037aa23756a5503efa5d5c5cfed8e82e800bedebf5f2514211cfaa9d3d6e5b425516b954e02eb24098107d66bf23120f05674c8ad9aa0a9db87c292a7b436302"
operation = "840100781a736368656d615f6669656c645f646566696e6974696f6e5f7631a2646e616d6563696d6764747970657172656c6174696f6e28626c6f625f763129"

[[commits]]
entry_hash = "002023a6d16421d6a861c0bea6eddd33892c82290c98e86545bb78e6f6e89b305888"
entry = "00297dce21fd3b4bd1e5ad3a557fd8ae617d3a72a75cada02abfdf7a96ee9fa17a0601b400209073a046645fbdbf372a7811893f546e3b66e60b9efd4e3af539506b09aab16e605007ef429147f349e38c47905e76a6c4d4c4eea835c002997e0b711125a314426ec713c03ccf46cd60cd2b83809fac98882ff63acd4b344ae5f1fc07e73800"
operation = "84010074736368656d615f646566696e6974696f6e5f7631a36b6465736372697074696f6e7828416e206974656d20746861742063616e20626520706c6163656420696e207468652067617264656e666669656c647382815822002075f3c861d50875df5586ad73b62fda09400b99fbe4763fe5542750b55f485de881582200203d9ef7a21b70da66d15eead4544335939e7eac3b210cd78489cae857ef9a5a53646e616d656d67617264656e5f737072697465"

[[commits]]
entry_hash = "00208b20aa9f38be242af8730f1ef58f0d3e4ad082d7a2edb4fae4ef33cf88806aa3"
entry = "00297dce21fd3b4bd1e5ad3a557fd8ae617d3a72a75cada02abfdf7a96ee9fa17a0701880020d1b5049e503ef9e990ea393cafe7dd01f85572302b6fa780009dfc47b2bcb98600e5fc4cae15b60cee2e2fe364004beaf39c8cb5c3db5863a7219bd22ada014ba39b82e992aa30ecc239484ae9240dd8db872c75115dbe43926a1ebe1e06f80f"
operation = "840100781a736368656d615f6669656c645f646566696e6974696f6e5f7631a2646e616d656667617264656e6474797065785572656c6174696f6e2867617264656e5f303032303232646535393939643933386537303265363639323338626465613766356638393461383161613664333362646563323237623730353462613661626636386129"

[[commits]]
entry_hash = "00203884695e9e3affb0b3f72dc3f8af7e9c3a24b7d245a8495d0ea1449c69355a59"
entry = "00297dce21fd3b4bd1e5ad3a557fd8ae617d3a72a75cada02abfdf7a96ee9fa17a0801340020377bc96bc90c8782e0d1948036dc3fa53021f3c988783152903cab53403afe87751968423807cedbb8609ae5ae92e9c5c18b7c874f0afe8c82424d588e4605d46bcaf89325de0fc170c58a9dd8b6ea9006191bc93e71f7c485e4ae05c181060e"
operation = "840100781a736368656d615f6669656c645f646566696e6974696f6e5f7631a2646e616d6565706f735f78647479706563696e74"

[[commits]]
entry_hash = "0020e49c45efdcb82b1f5f2065804a6baed3609f69affd5babc68b82ddbab28e6ea3"
entry = "00297dce21fd3b4bd1e5ad3a557fd8ae617d3a72a75cada02abfdf7a96ee9fa17a09013400208e363c232e59a41a011935b780cce7d37b89aa908f9da0aea88a541d1597ada315454dd8894fe49eb7e77ff70dfa40a812594143c802e1c9f9d078a316bae766e6d11054c854d0d3b419123203945ca969631bd22be5193861aa5a0e6c84d802"
operation = "840100781a736368656d615f6669656c645f646566696e6974696f6e5f7631a2646e616d6565706f735f79647479706563696e74"

[[commits]]
entry_hash = "00208c54bd2831bf1e59c12abf527dc1bce4e79e0c05484a9780b22f991043b542cf"
entry = "00297dce21fd3b4bd1e5ad3a557fd8ae617d3a72a75cada02abfdf7a96ee9fa17a0a019600208015bf63e77eb1b0617b198f2c29ad098a309da59b3824d6cf89fedc87e981d1e2fdfe2a30ffeca4f2713a7fd405c21d4a6e2bcb1193b83b8e02d9891bab28d743ae0f344293dcfb20bc9cde7bae5b76d5f292ca5b9485ede9bad98a50565402"
operation = "840100781a736368656d615f6669656c645f646566696e6974696f6e5f7631a2646e616d65667370726974656474797065786370696e6e65645f72656c6174696f6e2867617264656e5f7370726974655f303032303233613664313634323164366138363163306265613665646464333338393263383232393063393865383635343562623738653666366538396233303538383829"

[[commits]]
entry_hash = "002075ece9a2678c1a5955be1b23a2991f7e6e30197f4b46d99860b4ed2cd3ae1450"
entry = "00297dce21fd3b4bd1e5ad3a557fd8ae617d3a72a75cada02abfdf7a96ee9fa17a0b01380020be928216bfac0ec773fcf04b58fe5e9605ae65214a9a1334ea0aba5199d475f2de710c742af85fb77e8b528c408118bcffad3069bf68b6bda16667954713e8806b8d3cf7b049e2b460511eda8fc796dbc0f204668ed5ec939756c194abf50908"
operation = "840100781a736368656d615f6669656c645f646566696e6974696f6e5f7631a2646e616d656974696d657374616d70647479706563696e74"

[[commits]]
entry_hash = "0020f8d7f92697f9a51943425492b42ba84a5605f398c85e220663c43fa732197b57"
entry = "00297dce21fd3b4bd1e5ad3a557fd8ae617d3a72a75cada02abfdf7a96ee9fa17a0c01f90129002082058457176ad6fa499ed208315ca6c1605e43386fb6eff5fba93ebb6beccc7a1966cb6a2b6844e87482ed40f60694a41bd72ebdf4651c83f3ed837f4e3200f48a348604cdaacd476e187239699b1d75261c59aca033c823446c071a609ca602"
operation = "84010074736368656d615f646566696e6974696f6e5f7631a36b6465736372697074696f6e7830412073696e676c652074696c6520696e207468652067617264656e206f63637570696564206279206120737072697465666669656c64738581582200208b20aa9f38be242af8730f1ef58f0d3e4ad082d7a2edb4fae4ef33cf88806aa381582200203884695e9e3affb0b3f72dc3f8af7e9c3a24b7d245a8495d0ea1449c69355a598158220020e49c45efdcb82b1f5f2065804a6baed3609f69affd5babc68b82ddbab28e6ea381582200208c54bd2831bf1e59c12abf527dc1bce4e79e0c05484a9780b22f991043b542cf815822002075ece9a2678c1a5955be1b23a2991f7e6e30197f4b46d99860b4ed2cd3ae1450646e616d656b67617264656e5f74696c65"
