# This file is automatically generated by fishy.
# It is not intended for manual editing.

version = 1

[[commits]]
entry_hash = "0020aa095a5be4561cdc9c0f2f2ba4d1a205161ddaff2c7c1925b2d08b57c534160d"
entry = "00297dce21fd3b4bd1e5ad3a557fd8ae617d3a72a75cada02abfdf7a96ee9fa17a00013a002022994afb85681d52705a2b77a286922848d0cfb9f875226a3213d3dd4fc70ece956dbbaefd4ed7c6b23d821c6afbf3930d652e925507173265f3cd29f5ddc29dfa1d3731aab66a4d1a16cd4e889de283651e2e8f1e6096f2dd1ee955fea7f003"
operation = "840100781a736368656d615f6669656c645f646566696e6974696f6e5f7631a2646e616d656b6465736372697074696f6e647479706563737472"

[[commits]]
entry_hash = "0020fe6af7d1736448e7220e86ddf8009f34236ea377fac441857ea0340fe88a7312"
entry = "00297dce21fd3b4bd1e5ad3a557fd8ae617d3a72a75cada02abfdf7a96ee9fa17a0101400020b218ed8c1ec161610c5a5a5713d30d6ae36986df83320eeb2b287be14a83a193468eb65e60964b5b2db9ddb3a73d52de8a868ba154a595eb2ee6884283d9fd0662e7f40f18290ba2e24eb6de13fec37f469b7f60f68f950869b77a41b8a98f07"
operation = "840100781a736368656d615f6669656c645f646566696e6974696f6e5f7631a2646e616d6563696d6764747970657172656c6174696f6e28626c6f625f763129"

[[commits]]
entry_hash = "0020eb807d2992cb49b954035b89e89f8b595be9205628597f6cda4df0d995514984"
entry = "00297dce21fd3b4bd1e5ad3a557fd8ae617d3a72a75cada02abfdf7a96ee9fa17a0201380020be928216bfac0ec773fcf04b58fe5e9605ae65214a9a1334ea0aba5199d475f28b13a0acf4de17181a8ed6787565cdf007afdd416108a7b024b1e5cc8cc99a641d8bae8780c379482acc9aedfe41a4d0ade44e725da49c14aa245caa6b0fe108"
operation = "840100781a736368656d615f6669656c645f646566696e6974696f6e5f7631a2646e616d656974696d657374616d70647479706563696e74"

[[commits]]
entry_hash = "00203671fa7ef4e5784e993936478019d30d10e0452c7728c19a6b3950fb16a49e77"
entry = "00297dce21fd3b4bd1e5ad3a557fd8ae617d3a72a75cada02abfdf7a96ee9fa17a0301e50020c288f4facc769b6d6d496ea10600b07a5bb4a842a3d514d7eba4b13c2cac3e047ff46da18db98cf888962f412ea6d0cb83458727956234fb3ef15a391ed824f3ba666e93b077f98ff580217696b5bcde2b71028ce307a09791952a7d9a035d0c"
operation = "84010074736368656d615f646566696e6974696f6e5f7631a36b6465736372697074696f6e7834416e2073707269746520746861742063616e20626520706c61636564206f6e20612074696c6520696e207468652067617264656e666669656c6473838158220020aa095a5be4561cdc9c0f2f2ba4d1a205161ddaff2c7c1925b2d08b57c534160d8158220020fe6af7d1736448e7220e86ddf8009f34236ea377fac441857ea0340fe88a73128158220020eb807d2992cb49b954035b89e89f8b595be9205628597f6cda4df0d995514984646e616d656d67617264656e5f737072697465"

[[commits]]
entry_hash = "0020a43e9e59415039c9f3521e522ef417483e6a2926b6b73c70cc78270c8c7caf85"
entry = "00297dce21fd3b4bd1e5ad3a557fd8ae617d3a72a75cada02abfdf7a96ee9fa17a0401360020947cada104eb9abf514cac7f0b99be429887c3caf7db6983e64b529838162d37e16623d25a7488c1a7e54f3216ba16a1c4c3acbd07ff1b68b8a99c0c91281263cd9573c92e1dc1eca1a10278067122a966537e455e01a54443851bb304764305"
operation = "840100781a736368656d615f6669656c645f646566696e6974696f6e5f7631a2646e616d6567636f6c756d6e73647479706563696e74"

[[commits]]
entry_hash = "00205a889e0bcedc72e5aa240bbd6ffe87eda90185d5f8a9923c3be9a600ba62b9e7"
entry = "00297dce21fd3b4bd1e5ad3a557fd8ae617d3a72a75cada02abfdf7a96ee9fa17a0501330020d71ccd9dd038adefad3260a41223e484edbc32e5c96b41df467c36bbd8c1d84ba2665a42c0ca9d339a574770327167d8ed61cb22c18013ca8f8fc593ae3c0e39c0eaf0b02a28d89a21e47fa66894ee4dc22b206f9c014c5d73fff77b0f31570c"
operation = "840100781a736368656d615f6669656c645f646566696e6974696f6e5f7631a2646e616d65646e616d65647479706563737472"

[[commits]]
entry_hash = "0020cac3068220b512a629abce62b9a113ca4e817c125ea5a075deeefea01d0fa44d"
entry = "00297dce21fd3b4bd1e5ad3a557fd8ae617d3a72a75cada02abfdf7a96ee9fa17a0601330020311b3b3b124714e616ef8f365e926ccb48fe064556ae40df9db48ebce097e71601e0db4aaf8b57e9cbf1b8e6ba33fd1f2b6ca8b057b951013091eeb7f375d1abc377f3baa650113889f1ba5212dfead43af49ebbd136251ac5402a926f26e603"
operation = "840100781a736368656d615f6669656c645f646566696e6974696f6e5f7631a2646e616d6564726f7773647479706563696e74"

[[commits]]
entry_hash = "00202822a7c2b4a33d793b8e0e1de402a6cd008740f870e34b60b70a6a84fef01fab"
entry = "00297dce21fd3b4bd1e5ad3a557fd8ae617d3a72a75cada02abfdf7a96ee9fa17a0701380020be928216bfac0ec773fcf04b58fe5e9605ae65214a9a1334ea0aba5199d475f2f9ad9212a61f2b407a23966843708304bb545ff3e861d7ebf156475281613910a930c0e8b51e2e31c1690eb39ca13b2b62c01f6d9d22aaac7bbd967918dc3606"
operation = "840100781a736368656d615f6669656c645f646566696e6974696f6e5f7631a2646e616d656974696d657374616d70647479706563696e74"

[[commits]]
entry_hash = "0020d128cfc331adadb4d496a4276e4663b45d9fdd361b5310b9c59f56b36db44498"
entry = "00297dce21fd3b4bd1e5ad3a557fd8ae617d3a72a75cada02abfdf7a96ee9fa17a0801f8f900204104dd0407e2d2057c739ed0e097bfa598170b5991e7b405dd036365975b933c3e6a8b8a699084d099e1e3ef5f1f734aff5ffe1a8d864d3f2bc2f35bbadefd6e96a9fe3d36fc1c4f8d8a257a3786f78b220d872eb21595f5d717e305dfaece05"
operation = "84010074736368656d615f646566696e6974696f6e5f7631a36b6465736372697074696f6e782a412067617264656e20776865726520706c616e747320616e6420616e696d616c732063616e206c697665666669656c6473848158220020a43e9e59415039c9f3521e522ef417483e6a2926b6b73c70cc78270c8c7caf8581582200205a889e0bcedc72e5aa240bbd6ffe87eda90185d5f8a9923c3be9a600ba62b9e78158220020cac3068220b512a629abce62b9a113ca4e817c125ea5a075deeefea01d0fa44d81582200202822a7c2b4a33d793b8e0e1de402a6cd008740f870e34b60b70a6a84fef01fab646e616d656667617264656e"

[[commits]]
entry_hash = "0020e5688d01718e169abb941a00bac710b61e496a7978c929bcc00a2560369e1781"
entry = "00297dce21fd3b4bd1e5ad3a557fd8ae617d3a72a75cada02abfdf7a96ee9fa17a09018800206d4ed97a0955b4ab505416718965e2fd064c0c464b27466764d300726db5ae1a2d2431fd3c43b51abe2a00e9ecc8079a05197ec367fd6bf042e7ea5413321822ce6941a6647405e455d2fbcd24d3ff8e54f673be1c8ca26de6748046bc639600"
operation = "840100781a736368656d615f6669656c645f646566696e6974696f6e5f7631a2646e616d656667617264656e6474797065785572656c6174696f6e2867617264656e5f303032306431323863666333333161646164623464343936613432373665343636336234356439666464333631623533313062396335396635366233366462343434393829"

[[commits]]
entry_hash = "00204c25f48de9370dbb8d55dade0a7f95d4111e5afc29ebc1dd39ef7bc4afb9a4e8"
entry = "00297dce21fd3b4bd1e5ad3a557fd8ae617d3a72a75cada02abfdf7a96ee9fa17a0a01340020377bc96bc90c8782e0d1948036dc3fa53021f3c988783152903cab53403afe875f2e81c968643427c368539d557d9ab6a590f6a81ed9a117f8ae9c02c6283cfbd6f3a6340ae267fa4c9a2cbc13637d48b6d606042b26447c9a2c87f6c113390b"
operation = "840100781a736368656d615f6669656c645f646566696e6974696f6e5f7631a2646e616d6565706f735f78647479706563696e74"

[[commits]]
entry_hash = "00203a855d7b80969234b21b97bbf3151a814f8dccc475a20d17d954226922cadc6d"
entry = "00297dce21fd3b4bd1e5ad3a557fd8ae617d3a72a75cada02abfdf7a96ee9fa17a0b013400208e363c232e59a41a011935b780cce7d37b89aa908f9da0aea88a541d1597ada386a1ddf8607f52cc023c521acfdb0de98656d5f5e869dcd45057837517a96288dde14370fc788c5e385c88cd23e9b4f775ea9ceff9dc5fe44005fb6914e6d90a"
operation = "840100781a736368656d615f6669656c645f646566696e6974696f6e5f7631a2646e616d6565706f735f79647479706563696e74"

[[commits]]
entry_hash = "00209982544df9a79eb6407f3f0e8a813df1f49fcef7611306a99b9a3fec457cbda0"
entry = "00297dce21fd3b4bd1e5ad3a557fd8ae617d3a72a75cada02abfdf7a96ee9fa17a0c01960020292be1f516348d9f750cd7f43a021c25900a5c0f53943d54c305735d7da88a0e9b3ba5241faa27086a5bad10d981ca83b98e2213bcbf98c67689334ecfd5a3b265f579103ac319eba87e9d4b75894e57ab5b7d8ba3296bb8a224dc5ac76a290c"
operation = "840100781a736368656d615f6669656c645f646566696e6974696f6e5f7631a2646e616d65667370726974656474797065786370696e6e65645f72656c6174696f6e2867617264656e5f7370726974655f303032303336373166613765663465353738346539393339333634373830313964333064313065303435326337373238633139613662333935306662313661343965373729"

[[commits]]
entry_hash = "002031016652cc4b52cb1509c3c7baa49ac4a5ca0e01c9d2566342e115bfd3102488"
entry = "00297dce21fd3b4bd1e5ad3a557fd8ae617d3a72a75cada02abfdf7a96ee9fa17a0d01380020be928216bfac0ec773fcf04b58fe5e9605ae65214a9a1334ea0aba5199d475f2be17faab0f4c10ec4540e08faccb4109db0e7e77a5f1fbd0e794619c5dcb7ad50a1d0f51bf2fadaf12f2a13f5acc71d5cd54feb7197e2dc0d048de11c0341a0f"
operation = "840100781a736368656d615f6669656c645f646566696e6974696f6e5f7631a2646e616d656974696d657374616d70647479706563696e74"

[[commits]]
entry_hash = "00204bcdfbb0aa1b6ab7e146c925f3ff64b53f1f4c19675ff4e1b63d6b90afd2803d"
entry = "00297dce21fd3b4bd1e5ad3a557fd8ae617d3a72a75cada02abfdf7a96ee9fa17a0e01f90129002007e61ba96e75d7d30bf6257fdcd4cae7e2259ba111e6137a85ad935ae0c82f0c98a14a9367e65ca821c5f7dcaee0e2cc59ef888e4d6418d8300e5cce3a6ca53fef484e36718e76d7c0a8201d242aa8e7539775946a5bef5c92a2b916e024b10b"
operation = "84010074736368656d615f646566696e6974696f6e5f7631a36b6465736372697074696f6e7830412073696e676c652074696c6520696e207468652067617264656e206f63637570696564206279206120737072697465666669656c6473858158220020e5688d01718e169abb941a00bac710b61e496a7978c929bcc00a2560369e178181582200204c25f48de9370dbb8d55dade0a7f95d4111e5afc29ebc1dd39ef7bc4afb9a4e881582200203a855d7b80969234b21b97bbf3151a814f8dccc475a20d17d954226922cadc6d81582200209982544df9a79eb6407f3f0e8a813df1f49fcef7611306a99b9a3fec457cbda0815822002031016652cc4b52cb1509c3c7baa49ac4a5ca0e01c9d2566342e115bfd3102488646e616d656b67617264656e5f74696c65"
